// !$*UTF8*$!
{
	archiveVersion = 1;
	classes = {
	};
	objectVersion = 55;
	objects = {

/* Begin PBXBuildFile section */
		FD132AEC27EDE0EE00D28641 /* NewMockDataService.swift in Sources */ = {isa = PBXBuildFile; fileRef = FD132AEB27EDE0EE00D28641 /* NewMockDataService.swift */; };
		FD132AEE27EDE13C00D28641 /* NewMockDataService_Tests.swift in Sources */ = {isa = PBXBuildFile; fileRef = FD132AED27EDE13C00D28641 /* NewMockDataService_Tests.swift */; };
		FD1CEA8C27C113F600BA8262 /* BackgroundThreads.swift in Sources */ = {isa = PBXBuildFile; fileRef = FD1CEA8B27C113F600BA8262 /* BackgroundThreads.swift */; };
		FD1CEA8F27C1142100BA8262 /* BackgroundThreadsViewModel.swift in Sources */ = {isa = PBXBuildFile; fileRef = FD1CEA8E27C1142100BA8262 /* BackgroundThreadsViewModel.swift */; };
		FD22621127E9A1A50033E3C1 /* GenericsBootcamp.swift in Sources */ = {isa = PBXBuildFile; fileRef = FD22621027E9A1A50033E3C1 /* GenericsBootcamp.swift */; };
		FD22621427E9AB3C0033E3C1 /* ViewBuilders.swift in Sources */ = {isa = PBXBuildFile; fileRef = FD22621327E9AB3C0033E3C1 /* ViewBuilders.swift */; };
		FD22621727E9C1F90033E3C1 /* PreferenceKeyBootcamp.swift in Sources */ = {isa = PBXBuildFile; fileRef = FD22621627E9C1F90033E3C1 /* PreferenceKeyBootcamp.swift */; };
		FD22621927E9C7D20033E3C1 /* GeometryPreferenceKey.swift in Sources */ = {isa = PBXBuildFile; fileRef = FD22621827E9C7D20033E3C1 /* GeometryPreferenceKey.swift */; };
		FD22621B27E9CC110033E3C1 /* ScrollViewOffsetPreferenceKeyBootcamp.swift in Sources */ = {isa = PBXBuildFile; fileRef = FD22621A27E9CC110033E3C1 /* ScrollViewOffsetPreferenceKeyBootcamp.swift */; };
		FD22621E27E9E6FB0033E3C1 /* AppTabBarView.swift in Sources */ = {isa = PBXBuildFile; fileRef = FD22621D27E9E6FB0033E3C1 /* AppTabBarView.swift */; };
		FD22622027E9E8770033E3C1 /* CustomTabBarView.swift in Sources */ = {isa = PBXBuildFile; fileRef = FD22621F27E9E8770033E3C1 /* CustomTabBarView.swift */; };
		FD22622227E9ED6E0033E3C1 /* CustomTabBarContainerView.swift in Sources */ = {isa = PBXBuildFile; fileRef = FD22622127E9ED6E0033E3C1 /* CustomTabBarContainerView.swift */; };
		FD22622427E9F1F10033E3C1 /* TabBarItemsPreferenceKey.swift in Sources */ = {isa = PBXBuildFile; fileRef = FD22622327E9F1F10033E3C1 /* TabBarItemsPreferenceKey.swift */; };
		FD22622627E9F5840033E3C1 /* TabBarItem.swift in Sources */ = {isa = PBXBuildFile; fileRef = FD22622527E9F5840033E3C1 /* TabBarItem.swift */; };
		FD24D7B127709779002A1340 /* CustomToolBar.swift in Sources */ = {isa = PBXBuildFile; fileRef = FD24D7B027709779002A1340 /* CustomToolBar.swift */; };
		FD24D7B327709979002A1340 /* Popover.swift in Sources */ = {isa = PBXBuildFile; fileRef = FD24D7B227709979002A1340 /* Popover.swift */; };
		FD28DB9E27B16352005E4568 /* HashableProtocol.swift in Sources */ = {isa = PBXBuildFile; fileRef = FD28DB9D27B16352005E4568 /* HashableProtocol.swift */; };
		FD2A869527DF572D00392CBE /* ViewModifiers.swift in Sources */ = {isa = PBXBuildFile; fileRef = FD2A869427DF572D00392CBE /* ViewModifiers.swift */; };
		FD2A869827DF5D0500392CBE /* ButtonStylesBootcamp.swift in Sources */ = {isa = PBXBuildFile; fileRef = FD2A869727DF5D0500392CBE /* ButtonStylesBootcamp.swift */; };
		FD2EE80A27F0409C0017A483 /* UITestingView.swift in Sources */ = {isa = PBXBuildFile; fileRef = FD2EE80927F0409C0017A483 /* UITestingView.swift */; };
		FD4240FE2768BE1A00BCE60A /* SwiftUIAccessoryApp.swift in Sources */ = {isa = PBXBuildFile; fileRef = FD4240FD2768BE1A00BCE60A /* SwiftUIAccessoryApp.swift */; };
		FD4241002768BE1A00BCE60A /* ContentView.swift in Sources */ = {isa = PBXBuildFile; fileRef = FD4240FF2768BE1A00BCE60A /* ContentView.swift */; };
		FD4241022768BE1E00BCE60A /* Assets.xcassets in Resources */ = {isa = PBXBuildFile; fileRef = FD4241012768BE1E00BCE60A /* Assets.xcassets */; };
		FD4241052768BE1E00BCE60A /* Preview Assets.xcassets in Resources */ = {isa = PBXBuildFile; fileRef = FD4241042768BE1E00BCE60A /* Preview Assets.xcassets */; };
		FD42410D2768BF4600BCE60A /* CustomLoader.swift in Sources */ = {isa = PBXBuildFile; fileRef = FD42410C2768BF4600BCE60A /* CustomLoader.swift */; };
		FD4241102768C67600BCE60A /* HeroSegmentControl.swift in Sources */ = {isa = PBXBuildFile; fileRef = FD42410F2768C67600BCE60A /* HeroSegmentControl.swift */; };
		FD4241132769F7B300BCE60A /* DatePickers.swift in Sources */ = {isa = PBXBuildFile; fileRef = FD4241122769F7B300BCE60A /* DatePickers.swift */; };
		FD424116276A026700BCE60A /* Alerts_ActionSheets_Modals.swift in Sources */ = {isa = PBXBuildFile; fileRef = FD424115276A026700BCE60A /* Alerts_ActionSheets_Modals.swift */; };
		FD424119276A1DDA00BCE60A /* Context_Menu.swift in Sources */ = {isa = PBXBuildFile; fileRef = FD424118276A1DDA00BCE60A /* Context_Menu.swift */; };
		FD42411C276A216600BCE60A /* ConfirmationDialog.swift in Sources */ = {isa = PBXBuildFile; fileRef = FD42411B276A216600BCE60A /* ConfirmationDialog.swift */; };
		FD4F789C27CB78EC0004FAA8 /* TimerOnReceive.swift in Sources */ = {isa = PBXBuildFile; fileRef = FD4F789B27CB78EC0004FAA8 /* TimerOnReceive.swift */; };
		FD4F789F27CB95780004FAA8 /* PublishersSubscribersCombine.swift in Sources */ = {isa = PBXBuildFile; fileRef = FD4F789E27CB95780004FAA8 /* PublishersSubscribersCombine.swift */; };
		FD512DAC2785AE1200FDB242 /* BottomDrawers.swift in Sources */ = {isa = PBXBuildFile; fileRef = FD512DAB2785AE1200FDB242 /* BottomDrawers.swift */; };
		FD512DB22785E3F700FDB242 /* CustomViewTransition.swift in Sources */ = {isa = PBXBuildFile; fileRef = FD512DB12785E3F700FDB242 /* CustomViewTransition.swift */; };
		FD55A4C027EB2068002F595C /* UIViewRepresentableBootcamp.swift in Sources */ = {isa = PBXBuildFile; fileRef = FD55A4BF27EB2068002F595C /* UIViewRepresentableBootcamp.swift */; };
		FD55A4C327EB2D14002F595C /* UIViewControllerRepresentableBootcamp.swift in Sources */ = {isa = PBXBuildFile; fileRef = FD55A4C227EB2D14002F595C /* UIViewControllerRepresentableBootcamp.swift */; };
		FD5924372773352300EF524F /* AnimatedAutoScrollableHeaderMenu.swift in Sources */ = {isa = PBXBuildFile; fileRef = FD5924362773352300EF524F /* AnimatedAutoScrollableHeaderMenu.swift */; };
		FD59243B277335DE00EF524F /* Tabs.swift in Sources */ = {isa = PBXBuildFile; fileRef = FD59243A277335DE00EF524F /* Tabs.swift */; };
		FD5F406127AE68BF007F4191 /* AppleBedTimeCircularSlider.swift in Sources */ = {isa = PBXBuildFile; fileRef = FD5F406027AE68BF007F4191 /* AppleBedTimeCircularSlider.swift */; };
		FD64631E2796AE8B000D4843 /* LongPressGesture.swift in Sources */ = {isa = PBXBuildFile; fileRef = FD64631D2796AE8B000D4843 /* LongPressGesture.swift */; };
		FD6463212796B4C1000D4843 /* MagnificationGestures.swift in Sources */ = {isa = PBXBuildFile; fileRef = FD6463202796B4C1000D4843 /* MagnificationGestures.swift */; };
		FD68BE3E27BBEE4200399326 /* CoreDataBootCamp.swift in Sources */ = {isa = PBXBuildFile; fileRef = FD68BE3D27BBEE4200399326 /* CoreDataBootCamp.swift */; };
		FD68BE4027BBEE9400399326 /* CoreDataViewModel.swift in Sources */ = {isa = PBXBuildFile; fileRef = FD68BE3F27BBEE9400399326 /* CoreDataViewModel.swift */; };
		FD68BE4327BBEFC400399326 /* FruitsContainer.xcdatamodeld in Sources */ = {isa = PBXBuildFile; fileRef = FD68BE4127BBEFC400399326 /* FruitsContainer.xcdatamodeld */; };
		FD6BA57A2773492C00BA7F5D /* OffsetModifier.swift in Sources */ = {isa = PBXBuildFile; fileRef = FD6BA5792773492C00BA7F5D /* OffsetModifier.swift */; };
		FD6E2DD927CE34B7009602EB /* FileManagers.swift in Sources */ = {isa = PBXBuildFile; fileRef = FD6E2DD827CE34B7009602EB /* FileManagers.swift */; };
		FD6EDB23276B5FBA0022F45A /* EnvironmentValues.swift in Sources */ = {isa = PBXBuildFile; fileRef = FD6EDB22276B5FBA0022F45A /* EnvironmentValues.swift */; };
		FD6EDB26276B67F50022F45A /* ButtonStyles.swift in Sources */ = {isa = PBXBuildFile; fileRef = FD6EDB25276B67F50022F45A /* ButtonStyles.swift */; };
		FD7CC36027BD3F3700B83AB7 /* CoreDataRelationshipsBootCamp.swift in Sources */ = {isa = PBXBuildFile; fileRef = FD7CC35F27BD3F3700B83AB7 /* CoreDataRelationshipsBootCamp.swift */; };
		FD7CC36227BD3F7D00B83AB7 /* CoreDataRelationshipsViewModel.swift in Sources */ = {isa = PBXBuildFile; fileRef = FD7CC36127BD3F7D00B83AB7 /* CoreDataRelationshipsViewModel.swift */; };
		FD7CC36527BD426100B83AB7 /* CoreDataContainer.xcdatamodeld in Sources */ = {isa = PBXBuildFile; fileRef = FD7CC36327BD426100B83AB7 /* CoreDataContainer.xcdatamodeld */; };
		FD7E75832796D56800762FCE /* RotationGestures.swift in Sources */ = {isa = PBXBuildFile; fileRef = FD7E75822796D56800762FCE /* RotationGestures.swift */; };
		FD7E75862796D83500762FCE /* DragGestures.swift in Sources */ = {isa = PBXBuildFile; fileRef = FD7E75852796D83500762FCE /* DragGestures.swift */; };
		FD7E75882796DD7100762FCE /* DragGestures2.swift in Sources */ = {isa = PBXBuildFile; fileRef = FD7E75872796DD7100762FCE /* DragGestures2.swift */; };
		FD8B6CCC27CA1ECC00E3EB26 /* CodableBootcamp.swift in Sources */ = {isa = PBXBuildFile; fileRef = FD8B6CCB27CA1ECB00E3EB26 /* CodableBootcamp.swift */; };
		FD8B6CCF27CA2DAE00E3EB26 /* CodableBootcamp1.swift in Sources */ = {isa = PBXBuildFile; fileRef = FD8B6CCE27CA2DAE00E3EB26 /* CodableBootcamp1.swift */; };
		FD8B6CD327CA335A00E3EB26 /* CodableBootcamp2.swift in Sources */ = {isa = PBXBuildFile; fileRef = FD8B6CD227CA335A00E3EB26 /* CodableBootcamp2.swift */; };
		FD8B6CD627CA356300E3EB26 /* DownloadWithEscaping.swift in Sources */ = {isa = PBXBuildFile; fileRef = FD8B6CD527CA356300E3EB26 /* DownloadWithEscaping.swift */; };
		FD8B6CD927CA448D00E3EB26 /* DownloadWithCombine.swift in Sources */ = {isa = PBXBuildFile; fileRef = FD8B6CD827CA448D00E3EB26 /* DownloadWithCombine.swift */; };
		FD8D6B3127AFE0E10050FC49 /* LocalNotifications.swift in Sources */ = {isa = PBXBuildFile; fileRef = FD8D6B3027AFE0E10050FC49 /* LocalNotifications.swift */; };
		FD8E3E6527BA99C600CEDE62 /* ArraysBootcamp.swift in Sources */ = {isa = PBXBuildFile; fileRef = FD8E3E6427BA99C600CEDE62 /* ArraysBootcamp.swift */; };
		FD99DE8B27F0632400248E27 /* SwiftUIAccessary_UITests.swift in Sources */ = {isa = PBXBuildFile; fileRef = FD99DE8A27F0632400248E27 /* SwiftUIAccessary_UITests.swift */; };
		FD99DE8D27F0632400248E27 /* SwiftUIAccessary_UITestsLaunchTests.swift in Sources */ = {isa = PBXBuildFile; fileRef = FD99DE8C27F0632400248E27 /* SwiftUIAccessary_UITestsLaunchTests.swift */; };
		FD99DE9427F063B800248E27 /* UITestingView_UITests.swift in Sources */ = {isa = PBXBuildFile; fileRef = FD99DE9327F063B800248E27 /* UITestingView_UITests.swift */; };
		FDA03FCF279A9F7D00C2959D /* ScrollViewReaders.swift in Sources */ = {isa = PBXBuildFile; fileRef = FDA03FCE279A9F7D00C2959D /* ScrollViewReaders.swift */; };
		FDA03FD2279AA58500C2959D /* GeometryReaders.swift in Sources */ = {isa = PBXBuildFile; fileRef = FDA03FD1279AA58500C2959D /* GeometryReaders.swift */; };
		FDA03FD5279AAAB700C2959D /* MultipleSheets.swift in Sources */ = {isa = PBXBuildFile; fileRef = FDA03FD4279AAAB700C2959D /* MultipleSheets.swift */; };
		FDA03FD8279AD80700C2959D /* Masks.swift in Sources */ = {isa = PBXBuildFile; fileRef = FDA03FD7279AD80700C2959D /* Masks.swift */; };
		FDA03FDB279AE69200C2959D /* SoundEffects.swift in Sources */ = {isa = PBXBuildFile; fileRef = FDA03FDA279AE69200C2959D /* SoundEffects.swift */; };
		FDA03FDE279AEA4400C2959D /* badum.mp3 in Resources */ = {isa = PBXBuildFile; fileRef = FDA03FDC279AEA4400C2959D /* badum.mp3 */; };
		FDA03FDF279AEA4400C2959D /* tada.mp3 in Resources */ = {isa = PBXBuildFile; fileRef = FDA03FDD279AEA4400C2959D /* tada.mp3 */; };
		FDA71E1A27A6AD10007E9695 /* AppReviewRequest.swift in Sources */ = {isa = PBXBuildFile; fileRef = FDA71E1927A6AD10007E9695 /* AppReviewRequest.swift */; };
		FDA71E1C27A6B026007E9695 /* AppReviewRequestFirst.swift in Sources */ = {isa = PBXBuildFile; fileRef = FDA71E1B27A6B026007E9695 /* AppReviewRequestFirst.swift */; };
		FDA71E1E27A6B034007E9695 /* AppReviewRequestSecond.swift in Sources */ = {isa = PBXBuildFile; fileRef = FDA71E1D27A6B034007E9695 /* AppReviewRequestSecond.swift */; };
		FDA91FDE27E0759400AD1FE8 /* AnyTransitions.swift in Sources */ = {isa = PBXBuildFile; fileRef = FDA91FDD27E0759400AD1FE8 /* AnyTransitions.swift */; };
		FDB3AA5327CF5FBB009F5EB6 /* CacheBootcamp.swift in Sources */ = {isa = PBXBuildFile; fileRef = FDB3AA5227CF5FBB009F5EB6 /* CacheBootcamp.swift */; };
		FDC6310627C24845001A3600 /* WeakSelf.swift in Sources */ = {isa = PBXBuildFile; fileRef = FDC6310527C24845001A3600 /* WeakSelf.swift */; };
		FDC6310927C25204001A3600 /* TypeAlias.swift in Sources */ = {isa = PBXBuildFile; fileRef = FDC6310827C25204001A3600 /* TypeAlias.swift */; };
		FDC6310C27C2554B001A3600 /* EscapingClosures.swift in Sources */ = {isa = PBXBuildFile; fileRef = FDC6310B27C2554B001A3600 /* EscapingClosures.swift */; };
		FDC84A4527EAF957005790B6 /* AppNavBarView.swift in Sources */ = {isa = PBXBuildFile; fileRef = FDC84A4427EAF957005790B6 /* AppNavBarView.swift */; };
		FDC84A4727EAFAB7005790B6 /* CustomNavBarView.swift in Sources */ = {isa = PBXBuildFile; fileRef = FDC84A4627EAFAB7005790B6 /* CustomNavBarView.swift */; };
		FDC84A4927EAFE62005790B6 /* CustomNavBarContainerView.swift in Sources */ = {isa = PBXBuildFile; fileRef = FDC84A4827EAFE62005790B6 /* CustomNavBarContainerView.swift */; };
		FDC84A4B27EB01D5005790B6 /* CustomNavView.swift in Sources */ = {isa = PBXBuildFile; fileRef = FDC84A4A27EB01D5005790B6 /* CustomNavView.swift */; };
		FDC84A4D27EB03EE005790B6 /* CustomNavLink.swift in Sources */ = {isa = PBXBuildFile; fileRef = FDC84A4C27EB03EE005790B6 /* CustomNavLink.swift */; };
		FDC84A4F27EB07A0005790B6 /* CustomNavBarPreferenceKeys.swift in Sources */ = {isa = PBXBuildFile; fileRef = FDC84A4E27EB07A0005790B6 /* CustomNavBarPreferenceKeys.swift */; };
		FDC9DDC327DCAF89003FD978 /* LiquidSwipe.swift in Sources */ = {isa = PBXBuildFile; fileRef = FDC9DDC227DCAF89003FD978 /* LiquidSwipe.swift */; };
		FDCC5869276CB96000B3114B /* Home.swift in Sources */ = {isa = PBXBuildFile; fileRef = FDCC5868276CB96000B3114B /* Home.swift */; };
		FDCC586B276CBA2F00B3114B /* StaggeredGrid.swift in Sources */ = {isa = PBXBuildFile; fileRef = FDCC586A276CBA2F00B3114B /* StaggeredGrid.swift */; };
		FDCC586E276CBBF600B3114B /* Post.swift in Sources */ = {isa = PBXBuildFile; fileRef = FDCC586D276CBBF600B3114B /* Post.swift */; };
		FDD3565A2779CF3A00A3B34D /* ScratchCardEffect.swift in Sources */ = {isa = PBXBuildFile; fileRef = FDD356592779CF3A00A3B34D /* ScratchCardEffect.swift */; };
		FDD6477F27AACBC000B573FC /* HapticsVibrations.swift in Sources */ = {isa = PBXBuildFile; fileRef = FDD6477E27AACBC000B573FC /* HapticsVibrations.swift */; };
		FDE7C72327EC9C6C0077E4B2 /* ProtocolsBootcamp.swift in Sources */ = {isa = PBXBuildFile; fileRef = FDE7C72227EC9C6C0077E4B2 /* ProtocolsBootcamp.swift */; };
		FDE7C72627ECA7B80077E4B2 /* DependencyInjection.swift in Sources */ = {isa = PBXBuildFile; fileRef = FDE7C72527ECA7B80077E4B2 /* DependencyInjection.swift */; };
		FDE7C72927ECB81E0077E4B2 /* UnitTestingBootcampView.swift in Sources */ = {isa = PBXBuildFile; fileRef = FDE7C72827ECB81E0077E4B2 /* UnitTestingBootcampView.swift */; };
		FDE7C72B27ECB9C00077E4B2 /* UnitTestingBootcampViewViewModel.swift in Sources */ = {isa = PBXBuildFile; fileRef = FDE7C72A27ECB9C00077E4B2 /* UnitTestingBootcampViewViewModel.swift */; };
		FDE7C73327ECBA950077E4B2 /* SwiftUIAccessory_Tests.swift in Sources */ = {isa = PBXBuildFile; fileRef = FDE7C73227ECBA950077E4B2 /* SwiftUIAccessory_Tests.swift */; };
		FDE7C73A27ECBB5B0077E4B2 /* UnitTestingBootcampViewViewModel_Tests.swift in Sources */ = {isa = PBXBuildFile; fileRef = FDE7C73927ECBB5B0077E4B2 /* UnitTestingBootcampViewViewModel_Tests.swift */; };
		FDE9292F27AEA1D90012EE6F /* Reel7.MP4 in Resources */ = {isa = PBXBuildFile; fileRef = FDE9292727AEA1D70012EE6F /* Reel7.MP4 */; };
		FDE9293127AEA1D90012EE6F /* Reel6.MP4 in Resources */ = {isa = PBXBuildFile; fileRef = FDE9292927AEA1D80012EE6F /* Reel6.MP4 */; };
		FDE9293227AEA1D90012EE6F /* Reel5.MP4 in Resources */ = {isa = PBXBuildFile; fileRef = FDE9292A27AEA1D80012EE6F /* Reel5.MP4 */; };
		FDE9293327AEA1D90012EE6F /* Reel1.MP4 in Resources */ = {isa = PBXBuildFile; fileRef = FDE9292B27AEA1D80012EE6F /* Reel1.MP4 */; };
		FDE9293427AEA1D90012EE6F /* Reel4.MP4 in Resources */ = {isa = PBXBuildFile; fileRef = FDE9292C27AEA1D90012EE6F /* Reel4.MP4 */; };
		FDE9293527AEA1D90012EE6F /* Reel3.MP4 in Resources */ = {isa = PBXBuildFile; fileRef = FDE9292D27AEA1D90012EE6F /* Reel3.MP4 */; };
		FDE9293627AEA1D90012EE6F /* Reel2.MP4 in Resources */ = {isa = PBXBuildFile; fileRef = FDE9292E27AEA1D90012EE6F /* Reel2.MP4 */; };
		FDE9293B27AEA2B20012EE6F /* MediaFile.swift in Sources */ = {isa = PBXBuildFile; fileRef = FDE9293A27AEA2B20012EE6F /* MediaFile.swift */; };
		FDE9293D27AEA6F20012EE6F /* Reels.swift in Sources */ = {isa = PBXBuildFile; fileRef = FDE9293C27AEA6F20012EE6F /* Reels.swift */; };
		FDE9293F27AEA86B0012EE6F /* ReelsView.swift in Sources */ = {isa = PBXBuildFile; fileRef = FDE9293E27AEA86B0012EE6F /* ReelsView.swift */; };
		FDE9294127AEB7BA0012EE6F /* Reel.swift in Sources */ = {isa = PBXBuildFile; fileRef = FDE9294027AEB7BA0012EE6F /* Reel.swift */; };
		FDE9294327AEB9540012EE6F /* CustomVideoPlayer.swift in Sources */ = {isa = PBXBuildFile; fileRef = FDE9294227AEB9540012EE6F /* CustomVideoPlayer.swift */; };
		FDEB8EF027E8660200BEB122 /* MatchedGeometryEffects.swift in Sources */ = {isa = PBXBuildFile; fileRef = FDEB8EEF27E8660200BEB122 /* MatchedGeometryEffects.swift */; };
		FDEB8EF227E86C5500BEB122 /* MatchedGeometryEffects2.swift in Sources */ = {isa = PBXBuildFile; fileRef = FDEB8EF127E86C5500BEB122 /* MatchedGeometryEffects2.swift */; };
		FDEB8EF527E8717400BEB122 /* CustomShapes.swift in Sources */ = {isa = PBXBuildFile; fileRef = FDEB8EF427E8717400BEB122 /* CustomShapes.swift */; };
		FDEB8EF827E879B200BEB122 /* CustomShapesWithArcsQuadCurves.swift in Sources */ = {isa = PBXBuildFile; fileRef = FDEB8EF727E879B200BEB122 /* CustomShapesWithArcsQuadCurves.swift */; };
		FDEB8EFB27E88F4C00BEB122 /* AnimateCustomShapes.swift in Sources */ = {isa = PBXBuildFile; fileRef = FDEB8EFA27E88F4C00BEB122 /* AnimateCustomShapes.swift */; };
		FDFCB3BC27D2037A00DEF0FE /* DownloadImagesCombine.swift in Sources */ = {isa = PBXBuildFile; fileRef = FDFCB3BB27D2037A00DEF0FE /* DownloadImagesCombine.swift */; };
		FDFCB3BE27D2064400DEF0FE /* PhotoModel.swift in Sources */ = {isa = PBXBuildFile; fileRef = FDFCB3BD27D2064400DEF0FE /* PhotoModel.swift */; };
		FDFCB3C027D2074F00DEF0FE /* DownloadImagesCombineViewModel.swift in Sources */ = {isa = PBXBuildFile; fileRef = FDFCB3BF27D2074F00DEF0FE /* DownloadImagesCombineViewModel.swift */; };
		FDFCB3C227D2089000DEF0FE /* PhotoModelDataService.swift in Sources */ = {isa = PBXBuildFile; fileRef = FDFCB3C127D2089000DEF0FE /* PhotoModelDataService.swift */; };
		FDFCB3C427D2168900DEF0FE /* DownloadingImagesRow.swift in Sources */ = {isa = PBXBuildFile; fileRef = FDFCB3C327D2168900DEF0FE /* DownloadingImagesRow.swift */; };
		FDFCB3C727D21E6F00DEF0FE /* DownloadingImageView.swift in Sources */ = {isa = PBXBuildFile; fileRef = FDFCB3C627D21E6F00DEF0FE /* DownloadingImageView.swift */; };
		FDFCB3C927D21F9100DEF0FE /* ImageLoadingViewModel.swift in Sources */ = {isa = PBXBuildFile; fileRef = FDFCB3C827D21F9100DEF0FE /* ImageLoadingViewModel.swift */; };
		FDFCB3CB27D228B100DEF0FE /* PhotoModelCacheManager.swift in Sources */ = {isa = PBXBuildFile; fileRef = FDFCB3CA27D228B100DEF0FE /* PhotoModelCacheManager.swift */; };
		FDFCB3CD27D22D4400DEF0FE /* PhotoModelFileManager.swift in Sources */ = {isa = PBXBuildFile; fileRef = FDFCB3CC27D22D4400DEF0FE /* PhotoModelFileManager.swift */; };
/* End PBXBuildFile section */

/* Begin PBXContainerItemProxy section */
		FD99DE8E27F0632400248E27 /* PBXContainerItemProxy */ = {
			isa = PBXContainerItemProxy;
			containerPortal = FD4240F22768BE1A00BCE60A /* Project object */;
			proxyType = 1;
			remoteGlobalIDString = FD4240F92768BE1A00BCE60A;
			remoteInfo = SwiftUIAccessory;
		};
		FDE7C73427ECBA950077E4B2 /* PBXContainerItemProxy */ = {
			isa = PBXContainerItemProxy;
			containerPortal = FD4240F22768BE1A00BCE60A /* Project object */;
			proxyType = 1;
			remoteGlobalIDString = FD4240F92768BE1A00BCE60A;
			remoteInfo = SwiftUIAccessory;
		};
/* End PBXContainerItemProxy section */

/* Begin PBXFileReference section */
		FD132AEB27EDE0EE00D28641 /* NewMockDataService.swift */ = {isa = PBXFileReference; lastKnownFileType = sourcecode.swift; path = NewMockDataService.swift; sourceTree = "<group>"; };
		FD132AED27EDE13C00D28641 /* NewMockDataService_Tests.swift */ = {isa = PBXFileReference; lastKnownFileType = sourcecode.swift; path = NewMockDataService_Tests.swift; sourceTree = "<group>"; };
		FD1CEA8B27C113F600BA8262 /* BackgroundThreads.swift */ = {isa = PBXFileReference; lastKnownFileType = sourcecode.swift; path = BackgroundThreads.swift; sourceTree = "<group>"; };
		FD1CEA8E27C1142100BA8262 /* BackgroundThreadsViewModel.swift */ = {isa = PBXFileReference; lastKnownFileType = sourcecode.swift; path = BackgroundThreadsViewModel.swift; sourceTree = "<group>"; };
		FD22621027E9A1A50033E3C1 /* GenericsBootcamp.swift */ = {isa = PBXFileReference; lastKnownFileType = sourcecode.swift; path = GenericsBootcamp.swift; sourceTree = "<group>"; };
		FD22621327E9AB3C0033E3C1 /* ViewBuilders.swift */ = {isa = PBXFileReference; lastKnownFileType = sourcecode.swift; path = ViewBuilders.swift; sourceTree = "<group>"; };
		FD22621627E9C1F90033E3C1 /* PreferenceKeyBootcamp.swift */ = {isa = PBXFileReference; lastKnownFileType = sourcecode.swift; path = PreferenceKeyBootcamp.swift; sourceTree = "<group>"; };
		FD22621827E9C7D20033E3C1 /* GeometryPreferenceKey.swift */ = {isa = PBXFileReference; lastKnownFileType = sourcecode.swift; path = GeometryPreferenceKey.swift; sourceTree = "<group>"; };
		FD22621A27E9CC110033E3C1 /* ScrollViewOffsetPreferenceKeyBootcamp.swift */ = {isa = PBXFileReference; lastKnownFileType = sourcecode.swift; path = ScrollViewOffsetPreferenceKeyBootcamp.swift; sourceTree = "<group>"; };
		FD22621D27E9E6FB0033E3C1 /* AppTabBarView.swift */ = {isa = PBXFileReference; lastKnownFileType = sourcecode.swift; path = AppTabBarView.swift; sourceTree = "<group>"; };
		FD22621F27E9E8770033E3C1 /* CustomTabBarView.swift */ = {isa = PBXFileReference; lastKnownFileType = sourcecode.swift; path = CustomTabBarView.swift; sourceTree = "<group>"; };
		FD22622127E9ED6E0033E3C1 /* CustomTabBarContainerView.swift */ = {isa = PBXFileReference; lastKnownFileType = sourcecode.swift; path = CustomTabBarContainerView.swift; sourceTree = "<group>"; };
		FD22622327E9F1F10033E3C1 /* TabBarItemsPreferenceKey.swift */ = {isa = PBXFileReference; lastKnownFileType = sourcecode.swift; path = TabBarItemsPreferenceKey.swift; sourceTree = "<group>"; };
		FD22622527E9F5840033E3C1 /* TabBarItem.swift */ = {isa = PBXFileReference; lastKnownFileType = sourcecode.swift; path = TabBarItem.swift; sourceTree = "<group>"; };
		FD24D7B027709779002A1340 /* CustomToolBar.swift */ = {isa = PBXFileReference; lastKnownFileType = sourcecode.swift; path = CustomToolBar.swift; sourceTree = "<group>"; };
		FD24D7B227709979002A1340 /* Popover.swift */ = {isa = PBXFileReference; lastKnownFileType = sourcecode.swift; path = Popover.swift; sourceTree = "<group>"; };
		FD28DB9D27B16352005E4568 /* HashableProtocol.swift */ = {isa = PBXFileReference; lastKnownFileType = sourcecode.swift; path = HashableProtocol.swift; sourceTree = "<group>"; };
		FD2A869427DF572D00392CBE /* ViewModifiers.swift */ = {isa = PBXFileReference; lastKnownFileType = sourcecode.swift; path = ViewModifiers.swift; sourceTree = "<group>"; };
		FD2A869727DF5D0500392CBE /* ButtonStylesBootcamp.swift */ = {isa = PBXFileReference; lastKnownFileType = sourcecode.swift; path = ButtonStylesBootcamp.swift; sourceTree = "<group>"; };
		FD2EE80927F0409C0017A483 /* UITestingView.swift */ = {isa = PBXFileReference; lastKnownFileType = sourcecode.swift; path = UITestingView.swift; sourceTree = "<group>"; };
		FD4240FA2768BE1A00BCE60A /* SwiftUIAccessory.app */ = {isa = PBXFileReference; explicitFileType = wrapper.application; includeInIndex = 0; path = SwiftUIAccessory.app; sourceTree = BUILT_PRODUCTS_DIR; };
		FD4240FD2768BE1A00BCE60A /* SwiftUIAccessoryApp.swift */ = {isa = PBXFileReference; lastKnownFileType = sourcecode.swift; path = SwiftUIAccessoryApp.swift; sourceTree = "<group>"; };
		FD4240FF2768BE1A00BCE60A /* ContentView.swift */ = {isa = PBXFileReference; lastKnownFileType = sourcecode.swift; path = ContentView.swift; sourceTree = "<group>"; };
		FD4241012768BE1E00BCE60A /* Assets.xcassets */ = {isa = PBXFileReference; lastKnownFileType = folder.assetcatalog; path = Assets.xcassets; sourceTree = "<group>"; };
		FD4241042768BE1E00BCE60A /* Preview Assets.xcassets */ = {isa = PBXFileReference; lastKnownFileType = folder.assetcatalog; path = "Preview Assets.xcassets"; sourceTree = "<group>"; };
		FD42410C2768BF4600BCE60A /* CustomLoader.swift */ = {isa = PBXFileReference; lastKnownFileType = sourcecode.swift; path = CustomLoader.swift; sourceTree = "<group>"; };
		FD42410F2768C67600BCE60A /* HeroSegmentControl.swift */ = {isa = PBXFileReference; lastKnownFileType = sourcecode.swift; path = HeroSegmentControl.swift; sourceTree = "<group>"; };
		FD4241122769F7B300BCE60A /* DatePickers.swift */ = {isa = PBXFileReference; lastKnownFileType = sourcecode.swift; path = DatePickers.swift; sourceTree = "<group>"; };
		FD424115276A026700BCE60A /* Alerts_ActionSheets_Modals.swift */ = {isa = PBXFileReference; lastKnownFileType = sourcecode.swift; path = Alerts_ActionSheets_Modals.swift; sourceTree = "<group>"; };
		FD424118276A1DDA00BCE60A /* Context_Menu.swift */ = {isa = PBXFileReference; lastKnownFileType = sourcecode.swift; path = Context_Menu.swift; sourceTree = "<group>"; };
		FD42411B276A216600BCE60A /* ConfirmationDialog.swift */ = {isa = PBXFileReference; lastKnownFileType = sourcecode.swift; path = ConfirmationDialog.swift; sourceTree = "<group>"; };
		FD4F789B27CB78EC0004FAA8 /* TimerOnReceive.swift */ = {isa = PBXFileReference; lastKnownFileType = sourcecode.swift; path = TimerOnReceive.swift; sourceTree = "<group>"; };
		FD4F789E27CB95780004FAA8 /* PublishersSubscribersCombine.swift */ = {isa = PBXFileReference; lastKnownFileType = sourcecode.swift; path = PublishersSubscribersCombine.swift; sourceTree = "<group>"; };
		FD512DAB2785AE1200FDB242 /* BottomDrawers.swift */ = {isa = PBXFileReference; lastKnownFileType = sourcecode.swift; path = BottomDrawers.swift; sourceTree = "<group>"; };
		FD512DB12785E3F700FDB242 /* CustomViewTransition.swift */ = {isa = PBXFileReference; lastKnownFileType = sourcecode.swift; path = CustomViewTransition.swift; sourceTree = "<group>"; };
		FD55A4BF27EB2068002F595C /* UIViewRepresentableBootcamp.swift */ = {isa = PBXFileReference; lastKnownFileType = sourcecode.swift; path = UIViewRepresentableBootcamp.swift; sourceTree = "<group>"; };
		FD55A4C227EB2D14002F595C /* UIViewControllerRepresentableBootcamp.swift */ = {isa = PBXFileReference; lastKnownFileType = sourcecode.swift; path = UIViewControllerRepresentableBootcamp.swift; sourceTree = "<group>"; };
		FD5924362773352300EF524F /* AnimatedAutoScrollableHeaderMenu.swift */ = {isa = PBXFileReference; lastKnownFileType = sourcecode.swift; path = AnimatedAutoScrollableHeaderMenu.swift; sourceTree = "<group>"; };
		FD59243A277335DE00EF524F /* Tabs.swift */ = {isa = PBXFileReference; lastKnownFileType = sourcecode.swift; path = Tabs.swift; sourceTree = "<group>"; };
		FD5F406027AE68BF007F4191 /* AppleBedTimeCircularSlider.swift */ = {isa = PBXFileReference; lastKnownFileType = sourcecode.swift; path = AppleBedTimeCircularSlider.swift; sourceTree = "<group>"; };
		FD64631D2796AE8B000D4843 /* LongPressGesture.swift */ = {isa = PBXFileReference; lastKnownFileType = sourcecode.swift; path = LongPressGesture.swift; sourceTree = "<group>"; };
		FD6463202796B4C1000D4843 /* MagnificationGestures.swift */ = {isa = PBXFileReference; lastKnownFileType = sourcecode.swift; path = MagnificationGestures.swift; sourceTree = "<group>"; };
		FD68BE3D27BBEE4200399326 /* CoreDataBootCamp.swift */ = {isa = PBXFileReference; lastKnownFileType = sourcecode.swift; path = CoreDataBootCamp.swift; sourceTree = "<group>"; };
		FD68BE3F27BBEE9400399326 /* CoreDataViewModel.swift */ = {isa = PBXFileReference; lastKnownFileType = sourcecode.swift; path = CoreDataViewModel.swift; sourceTree = "<group>"; };
		FD68BE4227BBEFC400399326 /* FruitsContainer.xcdatamodel */ = {isa = PBXFileReference; lastKnownFileType = wrapper.xcdatamodel; path = FruitsContainer.xcdatamodel; sourceTree = "<group>"; };
		FD6BA5792773492C00BA7F5D /* OffsetModifier.swift */ = {isa = PBXFileReference; lastKnownFileType = sourcecode.swift; path = OffsetModifier.swift; sourceTree = "<group>"; };
		FD6E2DD827CE34B7009602EB /* FileManagers.swift */ = {isa = PBXFileReference; lastKnownFileType = sourcecode.swift; path = FileManagers.swift; sourceTree = "<group>"; };
		FD6EDB22276B5FBA0022F45A /* EnvironmentValues.swift */ = {isa = PBXFileReference; lastKnownFileType = sourcecode.swift; path = EnvironmentValues.swift; sourceTree = "<group>"; };
		FD6EDB25276B67F50022F45A /* ButtonStyles.swift */ = {isa = PBXFileReference; lastKnownFileType = sourcecode.swift; path = ButtonStyles.swift; sourceTree = "<group>"; };
		FD7CC35F27BD3F3700B83AB7 /* CoreDataRelationshipsBootCamp.swift */ = {isa = PBXFileReference; lastKnownFileType = sourcecode.swift; path = CoreDataRelationshipsBootCamp.swift; sourceTree = "<group>"; };
		FD7CC36127BD3F7D00B83AB7 /* CoreDataRelationshipsViewModel.swift */ = {isa = PBXFileReference; lastKnownFileType = sourcecode.swift; path = CoreDataRelationshipsViewModel.swift; sourceTree = "<group>"; };
		FD7CC36427BD426100B83AB7 /* CoreDataContainer.xcdatamodel */ = {isa = PBXFileReference; lastKnownFileType = wrapper.xcdatamodel; path = CoreDataContainer.xcdatamodel; sourceTree = "<group>"; };
		FD7E75822796D56800762FCE /* RotationGestures.swift */ = {isa = PBXFileReference; lastKnownFileType = sourcecode.swift; path = RotationGestures.swift; sourceTree = "<group>"; };
		FD7E75852796D83500762FCE /* DragGestures.swift */ = {isa = PBXFileReference; lastKnownFileType = sourcecode.swift; path = DragGestures.swift; sourceTree = "<group>"; };
		FD7E75872796DD7100762FCE /* DragGestures2.swift */ = {isa = PBXFileReference; lastKnownFileType = sourcecode.swift; path = DragGestures2.swift; sourceTree = "<group>"; };
		FD8B6CCB27CA1ECB00E3EB26 /* CodableBootcamp.swift */ = {isa = PBXFileReference; lastKnownFileType = sourcecode.swift; path = CodableBootcamp.swift; sourceTree = "<group>"; };
		FD8B6CCE27CA2DAE00E3EB26 /* CodableBootcamp1.swift */ = {isa = PBXFileReference; lastKnownFileType = sourcecode.swift; path = CodableBootcamp1.swift; sourceTree = "<group>"; };
		FD8B6CD227CA335A00E3EB26 /* CodableBootcamp2.swift */ = {isa = PBXFileReference; lastKnownFileType = sourcecode.swift; path = CodableBootcamp2.swift; sourceTree = "<group>"; };
		FD8B6CD527CA356300E3EB26 /* DownloadWithEscaping.swift */ = {isa = PBXFileReference; lastKnownFileType = sourcecode.swift; path = DownloadWithEscaping.swift; sourceTree = "<group>"; };
		FD8B6CD827CA448D00E3EB26 /* DownloadWithCombine.swift */ = {isa = PBXFileReference; lastKnownFileType = sourcecode.swift; path = DownloadWithCombine.swift; sourceTree = "<group>"; };
		FD8D6B3027AFE0E10050FC49 /* LocalNotifications.swift */ = {isa = PBXFileReference; lastKnownFileType = sourcecode.swift; path = LocalNotifications.swift; sourceTree = "<group>"; };
		FD8E3E6427BA99C600CEDE62 /* ArraysBootcamp.swift */ = {isa = PBXFileReference; lastKnownFileType = sourcecode.swift; path = ArraysBootcamp.swift; sourceTree = "<group>"; };
		FD99DE8827F0632400248E27 /* SwiftUIAccessary_UITests.xctest */ = {isa = PBXFileReference; explicitFileType = wrapper.cfbundle; includeInIndex = 0; path = SwiftUIAccessary_UITests.xctest; sourceTree = BUILT_PRODUCTS_DIR; };
		FD99DE8A27F0632400248E27 /* SwiftUIAccessary_UITests.swift */ = {isa = PBXFileReference; lastKnownFileType = sourcecode.swift; path = SwiftUIAccessary_UITests.swift; sourceTree = "<group>"; };
		FD99DE8C27F0632400248E27 /* SwiftUIAccessary_UITestsLaunchTests.swift */ = {isa = PBXFileReference; lastKnownFileType = sourcecode.swift; path = SwiftUIAccessary_UITestsLaunchTests.swift; sourceTree = "<group>"; };
		FD99DE9327F063B800248E27 /* UITestingView_UITests.swift */ = {isa = PBXFileReference; lastKnownFileType = sourcecode.swift; path = UITestingView_UITests.swift; sourceTree = "<group>"; };
		FDA03FCE279A9F7D00C2959D /* ScrollViewReaders.swift */ = {isa = PBXFileReference; lastKnownFileType = sourcecode.swift; path = ScrollViewReaders.swift; sourceTree = "<group>"; };
		FDA03FD1279AA58500C2959D /* GeometryReaders.swift */ = {isa = PBXFileReference; lastKnownFileType = sourcecode.swift; path = GeometryReaders.swift; sourceTree = "<group>"; };
		FDA03FD4279AAAB700C2959D /* MultipleSheets.swift */ = {isa = PBXFileReference; lastKnownFileType = sourcecode.swift; path = MultipleSheets.swift; sourceTree = "<group>"; };
		FDA03FD7279AD80700C2959D /* Masks.swift */ = {isa = PBXFileReference; lastKnownFileType = sourcecode.swift; path = Masks.swift; sourceTree = "<group>"; };
		FDA03FDA279AE69200C2959D /* SoundEffects.swift */ = {isa = PBXFileReference; lastKnownFileType = sourcecode.swift; path = SoundEffects.swift; sourceTree = "<group>"; };
		FDA03FDC279AEA4400C2959D /* badum.mp3 */ = {isa = PBXFileReference; lastKnownFileType = audio.mp3; path = badum.mp3; sourceTree = "<group>"; };
		FDA03FDD279AEA4400C2959D /* tada.mp3 */ = {isa = PBXFileReference; lastKnownFileType = audio.mp3; path = tada.mp3; sourceTree = "<group>"; };
		FDA71E1927A6AD10007E9695 /* AppReviewRequest.swift */ = {isa = PBXFileReference; lastKnownFileType = sourcecode.swift; path = AppReviewRequest.swift; sourceTree = "<group>"; };
		FDA71E1B27A6B026007E9695 /* AppReviewRequestFirst.swift */ = {isa = PBXFileReference; lastKnownFileType = sourcecode.swift; path = AppReviewRequestFirst.swift; sourceTree = "<group>"; };
		FDA71E1D27A6B034007E9695 /* AppReviewRequestSecond.swift */ = {isa = PBXFileReference; lastKnownFileType = sourcecode.swift; path = AppReviewRequestSecond.swift; sourceTree = "<group>"; };
		FDA91FDD27E0759400AD1FE8 /* AnyTransitions.swift */ = {isa = PBXFileReference; lastKnownFileType = sourcecode.swift; path = AnyTransitions.swift; sourceTree = "<group>"; };
		FDB3AA5227CF5FBB009F5EB6 /* CacheBootcamp.swift */ = {isa = PBXFileReference; lastKnownFileType = sourcecode.swift; path = CacheBootcamp.swift; sourceTree = "<group>"; };
		FDC6310527C24845001A3600 /* WeakSelf.swift */ = {isa = PBXFileReference; lastKnownFileType = sourcecode.swift; path = WeakSelf.swift; sourceTree = "<group>"; };
		FDC6310827C25204001A3600 /* TypeAlias.swift */ = {isa = PBXFileReference; lastKnownFileType = sourcecode.swift; path = TypeAlias.swift; sourceTree = "<group>"; };
		FDC6310B27C2554B001A3600 /* EscapingClosures.swift */ = {isa = PBXFileReference; lastKnownFileType = sourcecode.swift; path = EscapingClosures.swift; sourceTree = "<group>"; };
		FDC84A4427EAF957005790B6 /* AppNavBarView.swift */ = {isa = PBXFileReference; lastKnownFileType = sourcecode.swift; path = AppNavBarView.swift; sourceTree = "<group>"; };
		FDC84A4627EAFAB7005790B6 /* CustomNavBarView.swift */ = {isa = PBXFileReference; lastKnownFileType = sourcecode.swift; path = CustomNavBarView.swift; sourceTree = "<group>"; };
		FDC84A4827EAFE62005790B6 /* CustomNavBarContainerView.swift */ = {isa = PBXFileReference; lastKnownFileType = sourcecode.swift; path = CustomNavBarContainerView.swift; sourceTree = "<group>"; };
		FDC84A4A27EB01D5005790B6 /* CustomNavView.swift */ = {isa = PBXFileReference; lastKnownFileType = sourcecode.swift; path = CustomNavView.swift; sourceTree = "<group>"; };
		FDC84A4C27EB03EE005790B6 /* CustomNavLink.swift */ = {isa = PBXFileReference; lastKnownFileType = sourcecode.swift; path = CustomNavLink.swift; sourceTree = "<group>"; };
		FDC84A4E27EB07A0005790B6 /* CustomNavBarPreferenceKeys.swift */ = {isa = PBXFileReference; lastKnownFileType = sourcecode.swift; path = CustomNavBarPreferenceKeys.swift; sourceTree = "<group>"; };
		FDC9DDC227DCAF89003FD978 /* LiquidSwipe.swift */ = {isa = PBXFileReference; lastKnownFileType = sourcecode.swift; path = LiquidSwipe.swift; sourceTree = "<group>"; };
		FDCC5868276CB96000B3114B /* Home.swift */ = {isa = PBXFileReference; lastKnownFileType = sourcecode.swift; path = Home.swift; sourceTree = "<group>"; };
		FDCC586A276CBA2F00B3114B /* StaggeredGrid.swift */ = {isa = PBXFileReference; lastKnownFileType = sourcecode.swift; path = StaggeredGrid.swift; sourceTree = "<group>"; };
		FDCC586D276CBBF600B3114B /* Post.swift */ = {isa = PBXFileReference; lastKnownFileType = sourcecode.swift; path = Post.swift; sourceTree = "<group>"; };
		FDD356592779CF3A00A3B34D /* ScratchCardEffect.swift */ = {isa = PBXFileReference; lastKnownFileType = sourcecode.swift; path = ScratchCardEffect.swift; sourceTree = "<group>"; };
		FDD6477E27AACBC000B573FC /* HapticsVibrations.swift */ = {isa = PBXFileReference; lastKnownFileType = sourcecode.swift; path = HapticsVibrations.swift; sourceTree = "<group>"; };
		FDE7C72227EC9C6C0077E4B2 /* ProtocolsBootcamp.swift */ = {isa = PBXFileReference; lastKnownFileType = sourcecode.swift; path = ProtocolsBootcamp.swift; sourceTree = "<group>"; };
		FDE7C72527ECA7B80077E4B2 /* DependencyInjection.swift */ = {isa = PBXFileReference; lastKnownFileType = sourcecode.swift; path = DependencyInjection.swift; sourceTree = "<group>"; };
		FDE7C72827ECB81E0077E4B2 /* UnitTestingBootcampView.swift */ = {isa = PBXFileReference; lastKnownFileType = sourcecode.swift; path = UnitTestingBootcampView.swift; sourceTree = "<group>"; };
		FDE7C72A27ECB9C00077E4B2 /* UnitTestingBootcampViewViewModel.swift */ = {isa = PBXFileReference; lastKnownFileType = sourcecode.swift; path = UnitTestingBootcampViewViewModel.swift; sourceTree = "<group>"; };
		FDE7C73027ECBA950077E4B2 /* SwiftUIAccessory_Tests.xctest */ = {isa = PBXFileReference; explicitFileType = wrapper.cfbundle; includeInIndex = 0; path = SwiftUIAccessory_Tests.xctest; sourceTree = BUILT_PRODUCTS_DIR; };
		FDE7C73227ECBA950077E4B2 /* SwiftUIAccessory_Tests.swift */ = {isa = PBXFileReference; lastKnownFileType = sourcecode.swift; path = SwiftUIAccessory_Tests.swift; sourceTree = "<group>"; };
		FDE7C73927ECBB5B0077E4B2 /* UnitTestingBootcampViewViewModel_Tests.swift */ = {isa = PBXFileReference; lastKnownFileType = sourcecode.swift; path = UnitTestingBootcampViewViewModel_Tests.swift; sourceTree = "<group>"; };
		FDE9292727AEA1D70012EE6F /* Reel7.MP4 */ = {isa = PBXFileReference; lastKnownFileType = file; path = Reel7.MP4; sourceTree = "<group>"; };
		FDE9292927AEA1D80012EE6F /* Reel6.MP4 */ = {isa = PBXFileReference; lastKnownFileType = file; path = Reel6.MP4; sourceTree = "<group>"; };
		FDE9292A27AEA1D80012EE6F /* Reel5.MP4 */ = {isa = PBXFileReference; lastKnownFileType = file; path = Reel5.MP4; sourceTree = "<group>"; };
		FDE9292B27AEA1D80012EE6F /* Reel1.MP4 */ = {isa = PBXFileReference; lastKnownFileType = file; path = Reel1.MP4; sourceTree = "<group>"; };
		FDE9292C27AEA1D90012EE6F /* Reel4.MP4 */ = {isa = PBXFileReference; lastKnownFileType = file; path = Reel4.MP4; sourceTree = "<group>"; };
		FDE9292D27AEA1D90012EE6F /* Reel3.MP4 */ = {isa = PBXFileReference; lastKnownFileType = file; path = Reel3.MP4; sourceTree = "<group>"; };
		FDE9292E27AEA1D90012EE6F /* Reel2.MP4 */ = {isa = PBXFileReference; lastKnownFileType = file; path = Reel2.MP4; sourceTree = "<group>"; };
		FDE9293A27AEA2B20012EE6F /* MediaFile.swift */ = {isa = PBXFileReference; lastKnownFileType = sourcecode.swift; path = MediaFile.swift; sourceTree = "<group>"; };
		FDE9293C27AEA6F20012EE6F /* Reels.swift */ = {isa = PBXFileReference; lastKnownFileType = sourcecode.swift; path = Reels.swift; sourceTree = "<group>"; };
		FDE9293E27AEA86B0012EE6F /* ReelsView.swift */ = {isa = PBXFileReference; lastKnownFileType = sourcecode.swift; path = ReelsView.swift; sourceTree = "<group>"; };
		FDE9294027AEB7BA0012EE6F /* Reel.swift */ = {isa = PBXFileReference; lastKnownFileType = sourcecode.swift; path = Reel.swift; sourceTree = "<group>"; };
		FDE9294227AEB9540012EE6F /* CustomVideoPlayer.swift */ = {isa = PBXFileReference; lastKnownFileType = sourcecode.swift; path = CustomVideoPlayer.swift; sourceTree = "<group>"; };
		FDEB8EEF27E8660200BEB122 /* MatchedGeometryEffects.swift */ = {isa = PBXFileReference; lastKnownFileType = sourcecode.swift; path = MatchedGeometryEffects.swift; sourceTree = "<group>"; };
		FDEB8EF127E86C5500BEB122 /* MatchedGeometryEffects2.swift */ = {isa = PBXFileReference; lastKnownFileType = sourcecode.swift; path = MatchedGeometryEffects2.swift; sourceTree = "<group>"; };
		FDEB8EF427E8717400BEB122 /* CustomShapes.swift */ = {isa = PBXFileReference; lastKnownFileType = sourcecode.swift; path = CustomShapes.swift; sourceTree = "<group>"; };
		FDEB8EF727E879B200BEB122 /* CustomShapesWithArcsQuadCurves.swift */ = {isa = PBXFileReference; lastKnownFileType = sourcecode.swift; path = CustomShapesWithArcsQuadCurves.swift; sourceTree = "<group>"; };
		FDEB8EFA27E88F4C00BEB122 /* AnimateCustomShapes.swift */ = {isa = PBXFileReference; lastKnownFileType = sourcecode.swift; path = AnimateCustomShapes.swift; sourceTree = "<group>"; };
		FDFCB3BB27D2037A00DEF0FE /* DownloadImagesCombine.swift */ = {isa = PBXFileReference; lastKnownFileType = sourcecode.swift; path = DownloadImagesCombine.swift; sourceTree = "<group>"; };
		FDFCB3BD27D2064400DEF0FE /* PhotoModel.swift */ = {isa = PBXFileReference; lastKnownFileType = sourcecode.swift; path = PhotoModel.swift; sourceTree = "<group>"; };
		FDFCB3BF27D2074F00DEF0FE /* DownloadImagesCombineViewModel.swift */ = {isa = PBXFileReference; lastKnownFileType = sourcecode.swift; path = DownloadImagesCombineViewModel.swift; sourceTree = "<group>"; };
		FDFCB3C127D2089000DEF0FE /* PhotoModelDataService.swift */ = {isa = PBXFileReference; lastKnownFileType = sourcecode.swift; path = PhotoModelDataService.swift; sourceTree = "<group>"; };
		FDFCB3C327D2168900DEF0FE /* DownloadingImagesRow.swift */ = {isa = PBXFileReference; lastKnownFileType = sourcecode.swift; path = DownloadingImagesRow.swift; sourceTree = "<group>"; };
		FDFCB3C627D21E6F00DEF0FE /* DownloadingImageView.swift */ = {isa = PBXFileReference; lastKnownFileType = sourcecode.swift; path = DownloadingImageView.swift; sourceTree = "<group>"; };
		FDFCB3C827D21F9100DEF0FE /* ImageLoadingViewModel.swift */ = {isa = PBXFileReference; lastKnownFileType = sourcecode.swift; path = ImageLoadingViewModel.swift; sourceTree = "<group>"; };
		FDFCB3CA27D228B100DEF0FE /* PhotoModelCacheManager.swift */ = {isa = PBXFileReference; lastKnownFileType = sourcecode.swift; path = PhotoModelCacheManager.swift; sourceTree = "<group>"; };
		FDFCB3CC27D22D4400DEF0FE /* PhotoModelFileManager.swift */ = {isa = PBXFileReference; lastKnownFileType = sourcecode.swift; path = PhotoModelFileManager.swift; sourceTree = "<group>"; };
/* End PBXFileReference section */

/* Begin PBXFrameworksBuildPhase section */
		FD4240F72768BE1A00BCE60A /* Frameworks */ = {
			isa = PBXFrameworksBuildPhase;
			buildActionMask = 2147483647;
			files = (
			);
			runOnlyForDeploymentPostprocessing = 0;
		};
		FD99DE8527F0632400248E27 /* Frameworks */ = {
			isa = PBXFrameworksBuildPhase;
			buildActionMask = 2147483647;
			files = (
			);
			runOnlyForDeploymentPostprocessing = 0;
		};
		FDE7C72D27ECBA950077E4B2 /* Frameworks */ = {
			isa = PBXFrameworksBuildPhase;
			buildActionMask = 2147483647;
			files = (
			);
			runOnlyForDeploymentPostprocessing = 0;
		};
/* End PBXFrameworksBuildPhase section */

/* Begin PBXGroup section */
		FD1CEA8A27C113E200BA8262 /* BackgroundThreads */ = {
			isa = PBXGroup;
			children = (
				FD1CEA8B27C113F600BA8262 /* BackgroundThreads.swift */,
				FD1CEA8E27C1142100BA8262 /* BackgroundThreadsViewModel.swift */,
			);
			path = BackgroundThreads;
			sourceTree = "<group>";
		};
		FD22620F27E9A18D0033E3C1 /* Generics */ = {
			isa = PBXGroup;
			children = (
				FD22621027E9A1A50033E3C1 /* GenericsBootcamp.swift */,
			);
			path = Generics;
			sourceTree = "<group>";
		};
		FD22621227E9AB2E0033E3C1 /* ViewBuilders */ = {
			isa = PBXGroup;
			children = (
				FD22621327E9AB3C0033E3C1 /* ViewBuilders.swift */,
			);
			path = ViewBuilders;
			sourceTree = "<group>";
		};
		FD22621527E9C1ED0033E3C1 /* PreferenceKey */ = {
			isa = PBXGroup;
			children = (
				FD22621627E9C1F90033E3C1 /* PreferenceKeyBootcamp.swift */,
				FD22621827E9C7D20033E3C1 /* GeometryPreferenceKey.swift */,
				FD22621A27E9CC110033E3C1 /* ScrollViewOffsetPreferenceKeyBootcamp.swift */,
			);
			path = PreferenceKey;
			sourceTree = "<group>";
		};
		FD22621C27E9E6E20033E3C1 /* CustomTabBar */ = {
			isa = PBXGroup;
			children = (
				FD22621D27E9E6FB0033E3C1 /* AppTabBarView.swift */,
				FD22622327E9F1F10033E3C1 /* TabBarItemsPreferenceKey.swift */,
				FD22621F27E9E8770033E3C1 /* CustomTabBarView.swift */,
				FD22622527E9F5840033E3C1 /* TabBarItem.swift */,
				FD22622127E9ED6E0033E3C1 /* CustomTabBarContainerView.swift */,
			);
			path = CustomTabBar;
			sourceTree = "<group>";
		};
		FD24D7AF27709762002A1340 /* CustomToolBar */ = {
			isa = PBXGroup;
			children = (
				FD24D7B027709779002A1340 /* CustomToolBar.swift */,
				FD24D7B227709979002A1340 /* Popover.swift */,
			);
			path = CustomToolBar;
			sourceTree = "<group>";
		};
		FD28DB9C27B16340005E4568 /* HashableProtocol */ = {
			isa = PBXGroup;
			children = (
				FD28DB9D27B16352005E4568 /* HashableProtocol.swift */,
			);
			path = HashableProtocol;
			sourceTree = "<group>";
		};
		FD2A869327DF571C00392CBE /* ViewModifiers */ = {
			isa = PBXGroup;
			children = (
				FD2A869427DF572D00392CBE /* ViewModifiers.swift */,
			);
			path = ViewModifiers;
			sourceTree = "<group>";
		};
		FD2A869627DF5CF500392CBE /* ButtonStylesBootcamp */ = {
			isa = PBXGroup;
			children = (
				FD2A869727DF5D0500392CBE /* ButtonStylesBootcamp.swift */,
			);
			path = ButtonStylesBootcamp;
			sourceTree = "<group>";
		};
		FD2EE80827F040850017A483 /* UITesting */ = {
			isa = PBXGroup;
			children = (
				FD2EE80927F0409C0017A483 /* UITestingView.swift */,
			);
			path = UITesting;
			sourceTree = "<group>";
		};
		FD4240F12768BE1A00BCE60A = {
			isa = PBXGroup;
			children = (
				FDE9292B27AEA1D80012EE6F /* Reel1.MP4 */,
				FDE9292E27AEA1D90012EE6F /* Reel2.MP4 */,
				FDE9292D27AEA1D90012EE6F /* Reel3.MP4 */,
				FDE9292C27AEA1D90012EE6F /* Reel4.MP4 */,
				FDE9292A27AEA1D80012EE6F /* Reel5.MP4 */,
				FDE9292927AEA1D80012EE6F /* Reel6.MP4 */,
				FDE9292727AEA1D70012EE6F /* Reel7.MP4 */,
				FD4240FC2768BE1A00BCE60A /* SwiftUIAccessory */,
				FDE7C73127ECBA950077E4B2 /* SwiftUIAccessory_Tests */,
				FD99DE8927F0632400248E27 /* SwiftUIAccessary_UITests */,
				FD4240FB2768BE1A00BCE60A /* Products */,
			);
			sourceTree = "<group>";
		};
		FD4240FB2768BE1A00BCE60A /* Products */ = {
			isa = PBXGroup;
			children = (
				FD4240FA2768BE1A00BCE60A /* SwiftUIAccessory.app */,
				FDE7C73027ECBA950077E4B2 /* SwiftUIAccessory_Tests.xctest */,
				FD99DE8827F0632400248E27 /* SwiftUIAccessary_UITests.xctest */,
			);
			name = Products;
			sourceTree = "<group>";
		};
		FD4240FC2768BE1A00BCE60A /* SwiftUIAccessory */ = {
			isa = PBXGroup;
			children = (
				FD4240FD2768BE1A00BCE60A /* SwiftUIAccessoryApp.swift */,
				FD4240FF2768BE1A00BCE60A /* ContentView.swift */,
				FD2EE80827F040850017A483 /* UITesting */,
				FDE7C72727ECB8030077E4B2 /* UnitTestingBootcamp */,
				FDE7C72427ECA7A80077E4B2 /* DependencyInjection */,
				FDE7C72127EC9C580077E4B2 /* ProtocolsBootcamp */,
				FD55A4C127EB2D04002F595C /* UIViewControllerRepresentableBootcamp */,
				FD55A4BE27EB2055002F595C /* UIViewRepresentableBootcamp */,
				FDC84A4327EAF91D005790B6 /* CustomNavBar */,
				FD22621C27E9E6E20033E3C1 /* CustomTabBar */,
				FD22621527E9C1ED0033E3C1 /* PreferenceKey */,
				FD22621227E9AB2E0033E3C1 /* ViewBuilders */,
				FD22620F27E9A18D0033E3C1 /* Generics */,
				FDEB8EF927E88F3900BEB122 /* AnimateCustomShapes */,
				FDEB8EF627E8798800BEB122 /* CustomShapesWithArcsQuadCurves  */,
				FDEB8EF327E8716500BEB122 /* CustomShapes */,
				FDEB8EEE27E865F600BEB122 /* MatchedGeometryEffect */,
				FDA91FDC27E0758700AD1FE8 /* AnyTransitions */,
				FD2A869627DF5CF500392CBE /* ButtonStylesBootcamp */,
				FD2A869327DF571C00392CBE /* ViewModifiers */,
				FDC9DDC127DCAF79003FD978 /* LiquidSwipe */,
				FDFCB3B627D2032800DEF0FE /* DownloadImagesCombine */,
				FDB3AA5127CF5FA9009F5EB6 /* CacheBootcamp */,
				FD6E2DD727CE34A9009602EB /* FileManagers */,
				FD4F789D27CB94B50004FAA8 /* PublishersSubscribersCombine */,
				FD4F789A27CB78D80004FAA8 /* TimerOnReceive */,
				FD8B6CD727CA447A00E3EB26 /* DownloadWithCombine */,
				FD8B6CD427CA355200E3EB26 /* DownloadWithEscaping */,
				FD8B6CCA27CA1EBF00E3EB26 /* CodableBootcamp */,
				FDC6310A27C2553D001A3600 /* EscapingClosures */,
				FDC6310727C251F6001A3600 /* TypeAlias */,
				FDC6310427C24833001A3600 /* WeakSelf */,
				FD1CEA8A27C113E200BA8262 /* BackgroundThreads */,
				FD7CC35E27BD3F2300B83AB7 /* CoreDataRelationshipsBootCamp */,
				FD68BE3C27BBEE3000399326 /* CoreDataBootCamp */,
				FD8E3E6327BA99B500CEDE62 /* ArraysBootcamp */,
				FD28DB9C27B16340005E4568 /* HashableProtocol */,
				FD8D6B2F27AFE0D20050FC49 /* LocalNotifications */,
				FDE9293727AEA2410012EE6F /* Reels */,
				FD5F405E27AE6859007F4191 /* AppleBedTimeCircularSlider */,
				FDD6477D27AACB3100B573FC /* HapticsVibrations */,
				FDA71E1827A6ACD4007E9695 /* AppStoreReviewRequest */,
				FDA03FD9279AE67800C2959D /* SoundEffects */,
				FDA03FD6279AD79800C2959D /* Masks */,
				FDA03FD3279AAAA900C2959D /* MultipleSheets */,
				FDA03FD0279AA57600C2959D /* GeometryReaders */,
				FDA03FCD279A9F6B00C2959D /* ScrollViewReaders */,
				FD7E75842796D82200762FCE /* DragGestures */,
				FD7E75812796D55700762FCE /* RotationGestures */,
				FD64631F2796B4AF000D4843 /* MagnificationGestures */,
				FD64631C2796AE51000D4843 /* LongPressGesture */,
				FD512DB02785E3C700FDB242 /* CustomViewTransition */,
				FD512DAA2785ADEE00FDB242 /* BottomDrawer */,
				FDD356582779CF0200A3B34D /* ScratchCardEffect */,
				FD592435277334F900EF524F /* AnimatedAutoScrollableHeaderMenu */,
				FD24D7AF27709762002A1340 /* CustomToolBar */,
				FDCC5867276CB72F00B3114B /* StaggeredGrid */,
				FD6EDB24276B67D40022F45A /* ButtonsStyles */,
				FD6EDB21276B5F990022F45A /* Environment_Values */,
				FD42411A276A214900BCE60A /* Confirmation_Dialog */,
				FD424117276A1D1B00BCE60A /* Context_Menu */,
				FD424114276A024200BCE60A /* Alerts_ActionSheets_Modals */,
				FD4241112769F77500BCE60A /* DatePickers */,
				FD42410E2768C64C00BCE60A /* HeroSegmentControl */,
				FD42410B2768BF3700BCE60A /* CustomLoader */,
				FD4241012768BE1E00BCE60A /* Assets.xcassets */,
				FD4241032768BE1E00BCE60A /* Preview Content */,
			);
			path = SwiftUIAccessory;
			sourceTree = "<group>";
		};
		FD4241032768BE1E00BCE60A /* Preview Content */ = {
			isa = PBXGroup;
			children = (
				FD4241042768BE1E00BCE60A /* Preview Assets.xcassets */,
			);
			path = "Preview Content";
			sourceTree = "<group>";
		};
		FD42410B2768BF3700BCE60A /* CustomLoader */ = {
			isa = PBXGroup;
			children = (
				FD42410C2768BF4600BCE60A /* CustomLoader.swift */,
			);
			path = CustomLoader;
			sourceTree = "<group>";
		};
		FD42410E2768C64C00BCE60A /* HeroSegmentControl */ = {
			isa = PBXGroup;
			children = (
				FD42410F2768C67600BCE60A /* HeroSegmentControl.swift */,
			);
			path = HeroSegmentControl;
			sourceTree = "<group>";
		};
		FD4241112769F77500BCE60A /* DatePickers */ = {
			isa = PBXGroup;
			children = (
				FD4241122769F7B300BCE60A /* DatePickers.swift */,
			);
			path = DatePickers;
			sourceTree = "<group>";
		};
		FD424114276A024200BCE60A /* Alerts_ActionSheets_Modals */ = {
			isa = PBXGroup;
			children = (
				FD424115276A026700BCE60A /* Alerts_ActionSheets_Modals.swift */,
			);
			path = Alerts_ActionSheets_Modals;
			sourceTree = "<group>";
		};
		FD424117276A1D1B00BCE60A /* Context_Menu */ = {
			isa = PBXGroup;
			children = (
				FD424118276A1DDA00BCE60A /* Context_Menu.swift */,
			);
			path = Context_Menu;
			sourceTree = "<group>";
		};
		FD42411A276A214900BCE60A /* Confirmation_Dialog */ = {
			isa = PBXGroup;
			children = (
				FD42411B276A216600BCE60A /* ConfirmationDialog.swift */,
			);
			path = Confirmation_Dialog;
			sourceTree = "<group>";
		};
		FD4F789A27CB78D80004FAA8 /* TimerOnReceive */ = {
			isa = PBXGroup;
			children = (
				FD4F789B27CB78EC0004FAA8 /* TimerOnReceive.swift */,
			);
			path = TimerOnReceive;
			sourceTree = "<group>";
		};
		FD4F789D27CB94B50004FAA8 /* PublishersSubscribersCombine */ = {
			isa = PBXGroup;
			children = (
				FD4F789E27CB95780004FAA8 /* PublishersSubscribersCombine.swift */,
			);
			path = PublishersSubscribersCombine;
			sourceTree = "<group>";
		};
		FD512DAA2785ADEE00FDB242 /* BottomDrawer */ = {
			isa = PBXGroup;
			children = (
				FD512DAB2785AE1200FDB242 /* BottomDrawers.swift */,
			);
			path = BottomDrawer;
			sourceTree = "<group>";
		};
		FD512DB02785E3C700FDB242 /* CustomViewTransition */ = {
			isa = PBXGroup;
			children = (
				FD512DB12785E3F700FDB242 /* CustomViewTransition.swift */,
			);
			path = CustomViewTransition;
			sourceTree = "<group>";
		};
		FD55A4BE27EB2055002F595C /* UIViewRepresentableBootcamp */ = {
			isa = PBXGroup;
			children = (
				FD55A4BF27EB2068002F595C /* UIViewRepresentableBootcamp.swift */,
			);
			path = UIViewRepresentableBootcamp;
			sourceTree = "<group>";
		};
		FD55A4C127EB2D04002F595C /* UIViewControllerRepresentableBootcamp */ = {
			isa = PBXGroup;
			children = (
				FD55A4C227EB2D14002F595C /* UIViewControllerRepresentableBootcamp.swift */,
			);
			path = UIViewControllerRepresentableBootcamp;
			sourceTree = "<group>";
		};
		FD592435277334F900EF524F /* AnimatedAutoScrollableHeaderMenu */ = {
			isa = PBXGroup;
			children = (
				FD6BA5782773491500BA7F5D /* ViewModifiers */,
				FD592439277335D200EF524F /* View */,
				FD592438277335CC00EF524F /* Model */,
			);
			path = AnimatedAutoScrollableHeaderMenu;
			sourceTree = "<group>";
		};
		FD592438277335CC00EF524F /* Model */ = {
			isa = PBXGroup;
			children = (
				FD59243A277335DE00EF524F /* Tabs.swift */,
			);
			path = Model;
			sourceTree = "<group>";
		};
		FD592439277335D200EF524F /* View */ = {
			isa = PBXGroup;
			children = (
				FD5924362773352300EF524F /* AnimatedAutoScrollableHeaderMenu.swift */,
			);
			path = View;
			sourceTree = "<group>";
		};
		FD5F405E27AE6859007F4191 /* AppleBedTimeCircularSlider */ = {
			isa = PBXGroup;
			children = (
				FD5F405F27AE687C007F4191 /* View */,
			);
			path = AppleBedTimeCircularSlider;
			sourceTree = "<group>";
		};
		FD5F405F27AE687C007F4191 /* View */ = {
			isa = PBXGroup;
			children = (
				FD5F406027AE68BF007F4191 /* AppleBedTimeCircularSlider.swift */,
			);
			path = View;
			sourceTree = "<group>";
		};
		FD64631C2796AE51000D4843 /* LongPressGesture */ = {
			isa = PBXGroup;
			children = (
				FD64631D2796AE8B000D4843 /* LongPressGesture.swift */,
			);
			path = LongPressGesture;
			sourceTree = "<group>";
		};
		FD64631F2796B4AF000D4843 /* MagnificationGestures */ = {
			isa = PBXGroup;
			children = (
				FD6463202796B4C1000D4843 /* MagnificationGestures.swift */,
			);
			path = MagnificationGestures;
			sourceTree = "<group>";
		};
		FD68BE3C27BBEE3000399326 /* CoreDataBootCamp */ = {
			isa = PBXGroup;
			children = (
				FD68BE3D27BBEE4200399326 /* CoreDataBootCamp.swift */,
				FD68BE3F27BBEE9400399326 /* CoreDataViewModel.swift */,
				FD68BE4127BBEFC400399326 /* FruitsContainer.xcdatamodeld */,
			);
			path = CoreDataBootCamp;
			sourceTree = "<group>";
		};
		FD6BA5782773491500BA7F5D /* ViewModifiers */ = {
			isa = PBXGroup;
			children = (
				FD6BA5792773492C00BA7F5D /* OffsetModifier.swift */,
			);
			path = ViewModifiers;
			sourceTree = "<group>";
		};
		FD6E2DD727CE34A9009602EB /* FileManagers */ = {
			isa = PBXGroup;
			children = (
				FD6E2DD827CE34B7009602EB /* FileManagers.swift */,
			);
			path = FileManagers;
			sourceTree = "<group>";
		};
		FD6EDB21276B5F990022F45A /* Environment_Values */ = {
			isa = PBXGroup;
			children = (
				FD6EDB22276B5FBA0022F45A /* EnvironmentValues.swift */,
			);
			path = Environment_Values;
			sourceTree = "<group>";
		};
		FD6EDB24276B67D40022F45A /* ButtonsStyles */ = {
			isa = PBXGroup;
			children = (
				FD6EDB25276B67F50022F45A /* ButtonStyles.swift */,
			);
			path = ButtonsStyles;
			sourceTree = "<group>";
		};
		FD7CC35E27BD3F2300B83AB7 /* CoreDataRelationshipsBootCamp */ = {
			isa = PBXGroup;
			children = (
				FD7CC35F27BD3F3700B83AB7 /* CoreDataRelationshipsBootCamp.swift */,
				FD7CC36127BD3F7D00B83AB7 /* CoreDataRelationshipsViewModel.swift */,
				FD7CC36327BD426100B83AB7 /* CoreDataContainer.xcdatamodeld */,
			);
			path = CoreDataRelationshipsBootCamp;
			sourceTree = "<group>";
		};
		FD7E75812796D55700762FCE /* RotationGestures */ = {
			isa = PBXGroup;
			children = (
				FD7E75822796D56800762FCE /* RotationGestures.swift */,
			);
			path = RotationGestures;
			sourceTree = "<group>";
		};
		FD7E75842796D82200762FCE /* DragGestures */ = {
			isa = PBXGroup;
			children = (
				FD7E75852796D83500762FCE /* DragGestures.swift */,
				FD7E75872796DD7100762FCE /* DragGestures2.swift */,
			);
			path = DragGestures;
			sourceTree = "<group>";
		};
		FD8B6CCA27CA1EBF00E3EB26 /* CodableBootcamp */ = {
			isa = PBXGroup;
			children = (
				FD8B6CCB27CA1ECB00E3EB26 /* CodableBootcamp.swift */,
				FD8B6CCE27CA2DAE00E3EB26 /* CodableBootcamp1.swift */,
				FD8B6CD227CA335A00E3EB26 /* CodableBootcamp2.swift */,
			);
			path = CodableBootcamp;
			sourceTree = "<group>";
		};
		FD8B6CD427CA355200E3EB26 /* DownloadWithEscaping */ = {
			isa = PBXGroup;
			children = (
				FD8B6CD527CA356300E3EB26 /* DownloadWithEscaping.swift */,
			);
			path = DownloadWithEscaping;
			sourceTree = "<group>";
		};
		FD8B6CD727CA447A00E3EB26 /* DownloadWithCombine */ = {
			isa = PBXGroup;
			children = (
				FD8B6CD827CA448D00E3EB26 /* DownloadWithCombine.swift */,
			);
			path = DownloadWithCombine;
			sourceTree = "<group>";
		};
		FD8D6B2F27AFE0D20050FC49 /* LocalNotifications */ = {
			isa = PBXGroup;
			children = (
				FD8D6B3027AFE0E10050FC49 /* LocalNotifications.swift */,
			);
			path = LocalNotifications;
			sourceTree = "<group>";
		};
		FD8E3E6327BA99B500CEDE62 /* ArraysBootcamp */ = {
			isa = PBXGroup;
			children = (
				FD8E3E6427BA99C600CEDE62 /* ArraysBootcamp.swift */,
			);
			path = ArraysBootcamp;
			sourceTree = "<group>";
		};
		FD99DE8927F0632400248E27 /* SwiftUIAccessary_UITests */ = {
			isa = PBXGroup;
			children = (
				FD99DE8A27F0632400248E27 /* SwiftUIAccessary_UITests.swift */,
				FD99DE8C27F0632400248E27 /* SwiftUIAccessary_UITestsLaunchTests.swift */,
				FD99DE9327F063B800248E27 /* UITestingView_UITests.swift */,
			);
			path = SwiftUIAccessary_UITests;
			sourceTree = "<group>";
		};
		FDA03FCD279A9F6B00C2959D /* ScrollViewReaders */ = {
			isa = PBXGroup;
			children = (
				FDA03FCE279A9F7D00C2959D /* ScrollViewReaders.swift */,
			);
			path = ScrollViewReaders;
			sourceTree = "<group>";
		};
		FDA03FD0279AA57600C2959D /* GeometryReaders */ = {
			isa = PBXGroup;
			children = (
				FDA03FD1279AA58500C2959D /* GeometryReaders.swift */,
			);
			path = GeometryReaders;
			sourceTree = "<group>";
		};
		FDA03FD3279AAAA900C2959D /* MultipleSheets */ = {
			isa = PBXGroup;
			children = (
				FDA03FD4279AAAB700C2959D /* MultipleSheets.swift */,
			);
			path = MultipleSheets;
			sourceTree = "<group>";
		};
		FDA03FD6279AD79800C2959D /* Masks */ = {
			isa = PBXGroup;
			children = (
				FDA03FD7279AD80700C2959D /* Masks.swift */,
			);
			path = Masks;
			sourceTree = "<group>";
		};
		FDA03FD9279AE67800C2959D /* SoundEffects */ = {
			isa = PBXGroup;
			children = (
				FDA03FDC279AEA4400C2959D /* badum.mp3 */,
				FDA03FDD279AEA4400C2959D /* tada.mp3 */,
				FDA03FDA279AE69200C2959D /* SoundEffects.swift */,
			);
			path = SoundEffects;
			sourceTree = "<group>";
		};
		FDA71E1827A6ACD4007E9695 /* AppStoreReviewRequest */ = {
			isa = PBXGroup;
			children = (
				FDA71E1927A6AD10007E9695 /* AppReviewRequest.swift */,
				FDA71E1B27A6B026007E9695 /* AppReviewRequestFirst.swift */,
				FDA71E1D27A6B034007E9695 /* AppReviewRequestSecond.swift */,
			);
			path = AppStoreReviewRequest;
			sourceTree = "<group>";
		};
		FDA91FDC27E0758700AD1FE8 /* AnyTransitions */ = {
			isa = PBXGroup;
			children = (
				FDA91FDD27E0759400AD1FE8 /* AnyTransitions.swift */,
			);
			path = AnyTransitions;
			sourceTree = "<group>";
		};
		FDB3AA5127CF5FA9009F5EB6 /* CacheBootcamp */ = {
			isa = PBXGroup;
			children = (
				FDB3AA5227CF5FBB009F5EB6 /* CacheBootcamp.swift */,
			);
			path = CacheBootcamp;
			sourceTree = "<group>";
		};
		FDC6310427C24833001A3600 /* WeakSelf */ = {
			isa = PBXGroup;
			children = (
				FDC6310527C24845001A3600 /* WeakSelf.swift */,
			);
			path = WeakSelf;
			sourceTree = "<group>";
		};
		FDC6310727C251F6001A3600 /* TypeAlias */ = {
			isa = PBXGroup;
			children = (
				FDC6310827C25204001A3600 /* TypeAlias.swift */,
			);
			path = TypeAlias;
			sourceTree = "<group>";
		};
		FDC6310A27C2553D001A3600 /* EscapingClosures */ = {
			isa = PBXGroup;
			children = (
				FDC6310B27C2554B001A3600 /* EscapingClosures.swift */,
			);
			path = EscapingClosures;
			sourceTree = "<group>";
		};
		FDC84A4327EAF91D005790B6 /* CustomNavBar */ = {
			isa = PBXGroup;
			children = (
				FDC84A4427EAF957005790B6 /* AppNavBarView.swift */,
				FDC84A4E27EB07A0005790B6 /* CustomNavBarPreferenceKeys.swift */,
				FDC84A4C27EB03EE005790B6 /* CustomNavLink.swift */,
				FDC84A4A27EB01D5005790B6 /* CustomNavView.swift */,
				FDC84A4627EAFAB7005790B6 /* CustomNavBarView.swift */,
				FDC84A4827EAFE62005790B6 /* CustomNavBarContainerView.swift */,
			);
			path = CustomNavBar;
			sourceTree = "<group>";
		};
		FDC9DDC127DCAF79003FD978 /* LiquidSwipe */ = {
			isa = PBXGroup;
			children = (
				FDC9DDC227DCAF89003FD978 /* LiquidSwipe.swift */,
			);
			path = LiquidSwipe;
			sourceTree = "<group>";
		};
		FDCC5867276CB72F00B3114B /* StaggeredGrid */ = {
			isa = PBXGroup;
			children = (
				FDCC586C276CBBE300B3114B /* Model */,
				FDCC5868276CB96000B3114B /* Home.swift */,
				FDCC586A276CBA2F00B3114B /* StaggeredGrid.swift */,
			);
			path = StaggeredGrid;
			sourceTree = "<group>";
		};
		FDCC586C276CBBE300B3114B /* Model */ = {
			isa = PBXGroup;
			children = (
				FDCC586D276CBBF600B3114B /* Post.swift */,
			);
			path = Model;
			sourceTree = "<group>";
		};
		FDD356582779CF0200A3B34D /* ScratchCardEffect */ = {
			isa = PBXGroup;
			children = (
				FDD356592779CF3A00A3B34D /* ScratchCardEffect.swift */,
			);
			path = ScratchCardEffect;
			sourceTree = "<group>";
		};
		FDD6477D27AACB3100B573FC /* HapticsVibrations */ = {
			isa = PBXGroup;
			children = (
				FDD6477E27AACBC000B573FC /* HapticsVibrations.swift */,
			);
			path = HapticsVibrations;
			sourceTree = "<group>";
		};
		FDE7C72127EC9C580077E4B2 /* ProtocolsBootcamp */ = {
			isa = PBXGroup;
			children = (
				FDE7C72227EC9C6C0077E4B2 /* ProtocolsBootcamp.swift */,
			);
			path = ProtocolsBootcamp;
			sourceTree = "<group>";
		};
		FDE7C72427ECA7A80077E4B2 /* DependencyInjection */ = {
			isa = PBXGroup;
			children = (
				FDE7C72527ECA7B80077E4B2 /* DependencyInjection.swift */,
			);
			path = DependencyInjection;
			sourceTree = "<group>";
		};
		FDE7C72727ECB8030077E4B2 /* UnitTestingBootcamp */ = {
			isa = PBXGroup;
			children = (
				FD132AEB27EDE0EE00D28641 /* NewMockDataService.swift */,
				FDE7C72827ECB81E0077E4B2 /* UnitTestingBootcampView.swift */,
				FDE7C72A27ECB9C00077E4B2 /* UnitTestingBootcampViewViewModel.swift */,
			);
			path = UnitTestingBootcamp;
			sourceTree = "<group>";
		};
		FDE7C73127ECBA950077E4B2 /* SwiftUIAccessory_Tests */ = {
			isa = PBXGroup;
			children = (
				FDE7C73227ECBA950077E4B2 /* SwiftUIAccessory_Tests.swift */,
				FDE7C73927ECBB5B0077E4B2 /* UnitTestingBootcampViewViewModel_Tests.swift */,
				FD132AED27EDE13C00D28641 /* NewMockDataService_Tests.swift */,
			);
			path = SwiftUIAccessory_Tests;
			sourceTree = "<group>";
		};
		FDE9293727AEA2410012EE6F /* Reels */ = {
			isa = PBXGroup;
			children = (
				FDE9293927AEA2590012EE6F /* Model */,
				FDE9293827AEA2540012EE6F /* View */,
			);
			path = Reels;
			sourceTree = "<group>";
		};
		FDE9293827AEA2540012EE6F /* View */ = {
			isa = PBXGroup;
			children = (
				FDE9293C27AEA6F20012EE6F /* Reels.swift */,
				FDE9293E27AEA86B0012EE6F /* ReelsView.swift */,
				FDE9294227AEB9540012EE6F /* CustomVideoPlayer.swift */,
			);
			path = View;
			sourceTree = "<group>";
		};
		FDE9293927AEA2590012EE6F /* Model */ = {
			isa = PBXGroup;
			children = (
				FDE9293A27AEA2B20012EE6F /* MediaFile.swift */,
				FDE9294027AEB7BA0012EE6F /* Reel.swift */,
			);
			path = Model;
			sourceTree = "<group>";
		};
		FDEB8EEE27E865F600BEB122 /* MatchedGeometryEffect */ = {
			isa = PBXGroup;
			children = (
				FDEB8EEF27E8660200BEB122 /* MatchedGeometryEffects.swift */,
				FDEB8EF127E86C5500BEB122 /* MatchedGeometryEffects2.swift */,
			);
			path = MatchedGeometryEffect;
			sourceTree = "<group>";
		};
		FDEB8EF327E8716500BEB122 /* CustomShapes */ = {
			isa = PBXGroup;
			children = (
				FDEB8EF427E8717400BEB122 /* CustomShapes.swift */,
			);
			path = CustomShapes;
			sourceTree = "<group>";
		};
		FDEB8EF627E8798800BEB122 /* CustomShapesWithArcsQuadCurves  */ = {
			isa = PBXGroup;
			children = (
				FDEB8EF727E879B200BEB122 /* CustomShapesWithArcsQuadCurves.swift */,
			);
			path = "CustomShapesWithArcsQuadCurves ";
			sourceTree = "<group>";
		};
		FDEB8EF927E88F3900BEB122 /* AnimateCustomShapes */ = {
			isa = PBXGroup;
			children = (
				FDEB8EFA27E88F4C00BEB122 /* AnimateCustomShapes.swift */,
			);
			path = AnimateCustomShapes;
			sourceTree = "<group>";
		};
		FDFCB3B627D2032800DEF0FE /* DownloadImagesCombine */ = {
			isa = PBXGroup;
			children = (
				FDFCB3BA27D2034400DEF0FE /* Utilities */,
				FDFCB3B927D2033E00DEF0FE /* ViewModel */,
				FDFCB3B827D2033900DEF0FE /* Views */,
				FDFCB3B727D2033400DEF0FE /* Models */,
			);
			path = DownloadImagesCombine;
			sourceTree = "<group>";
		};
		FDFCB3B727D2033400DEF0FE /* Models */ = {
			isa = PBXGroup;
			children = (
				FDFCB3BD27D2064400DEF0FE /* PhotoModel.swift */,
			);
			path = Models;
			sourceTree = "<group>";
		};
		FDFCB3B827D2033900DEF0FE /* Views */ = {
			isa = PBXGroup;
			children = (
				FDFCB3BB27D2037A00DEF0FE /* DownloadImagesCombine.swift */,
				FDFCB3C327D2168900DEF0FE /* DownloadingImagesRow.swift */,
				FDFCB3C627D21E6F00DEF0FE /* DownloadingImageView.swift */,
			);
			path = Views;
			sourceTree = "<group>";
		};
		FDFCB3B927D2033E00DEF0FE /* ViewModel */ = {
			isa = PBXGroup;
			children = (
				FDFCB3BF27D2074F00DEF0FE /* DownloadImagesCombineViewModel.swift */,
				FDFCB3C827D21F9100DEF0FE /* ImageLoadingViewModel.swift */,
			);
			path = ViewModel;
			sourceTree = "<group>";
		};
		FDFCB3BA27D2034400DEF0FE /* Utilities */ = {
			isa = PBXGroup;
			children = (
				FDFCB3C127D2089000DEF0FE /* PhotoModelDataService.swift */,
				FDFCB3CA27D228B100DEF0FE /* PhotoModelCacheManager.swift */,
				FDFCB3CC27D22D4400DEF0FE /* PhotoModelFileManager.swift */,
			);
			path = Utilities;
			sourceTree = "<group>";
		};
/* End PBXGroup section */

/* Begin PBXNativeTarget section */
		FD4240F92768BE1A00BCE60A /* SwiftUIAccessory */ = {
			isa = PBXNativeTarget;
			buildConfigurationList = FD4241082768BE1E00BCE60A /* Build configuration list for PBXNativeTarget "SwiftUIAccessory" */;
			buildPhases = (
				FD4240F62768BE1A00BCE60A /* Sources */,
				FD4240F72768BE1A00BCE60A /* Frameworks */,
				FD4240F82768BE1A00BCE60A /* Resources */,
			);
			buildRules = (
			);
			dependencies = (
			);
			name = SwiftUIAccessory;
			productName = SwiftUIAccessory;
			productReference = FD4240FA2768BE1A00BCE60A /* SwiftUIAccessory.app */;
			productType = "com.apple.product-type.application";
		};
		FD99DE8727F0632400248E27 /* SwiftUIAccessary_UITests */ = {
			isa = PBXNativeTarget;
			buildConfigurationList = FD99DE9027F0632400248E27 /* Build configuration list for PBXNativeTarget "SwiftUIAccessary_UITests" */;
			buildPhases = (
				FD99DE8427F0632400248E27 /* Sources */,
				FD99DE8527F0632400248E27 /* Frameworks */,
				FD99DE8627F0632400248E27 /* Resources */,
			);
			buildRules = (
			);
			dependencies = (
				FD99DE8F27F0632400248E27 /* PBXTargetDependency */,
			);
			name = SwiftUIAccessary_UITests;
			productName = SwiftUIAccessary_UITests;
			productReference = FD99DE8827F0632400248E27 /* SwiftUIAccessary_UITests.xctest */;
			productType = "com.apple.product-type.bundle.ui-testing";
		};
		FDE7C72F27ECBA950077E4B2 /* SwiftUIAccessory_Tests */ = {
			isa = PBXNativeTarget;
			buildConfigurationList = FDE7C73627ECBA950077E4B2 /* Build configuration list for PBXNativeTarget "SwiftUIAccessory_Tests" */;
			buildPhases = (
				FDE7C72C27ECBA950077E4B2 /* Sources */,
				FDE7C72D27ECBA950077E4B2 /* Frameworks */,
				FDE7C72E27ECBA950077E4B2 /* Resources */,
			);
			buildRules = (
			);
			dependencies = (
				FDE7C73527ECBA950077E4B2 /* PBXTargetDependency */,
			);
			name = SwiftUIAccessory_Tests;
			productName = SwiftUIAccessory_Tests;
			productReference = FDE7C73027ECBA950077E4B2 /* SwiftUIAccessory_Tests.xctest */;
			productType = "com.apple.product-type.bundle.unit-test";
		};
/* End PBXNativeTarget section */

/* Begin PBXProject section */
		FD4240F22768BE1A00BCE60A /* Project object */ = {
			isa = PBXProject;
			attributes = {
				BuildIndependentTargetsInParallel = 1;
				LastSwiftUpdateCheck = 1320;
				LastUpgradeCheck = 1310;
				TargetAttributes = {
					FD4240F92768BE1A00BCE60A = {
						CreatedOnToolsVersion = 13.1;
					};
					FD99DE8727F0632400248E27 = {
						CreatedOnToolsVersion = 13.2.1;
						TestTargetID = FD4240F92768BE1A00BCE60A;
					};
					FDE7C72F27ECBA950077E4B2 = {
						CreatedOnToolsVersion = 13.2.1;
						TestTargetID = FD4240F92768BE1A00BCE60A;
					};
				};
			};
			buildConfigurationList = FD4240F52768BE1A00BCE60A /* Build configuration list for PBXProject "SwiftUIAccessory" */;
			compatibilityVersion = "Xcode 13.0";
			developmentRegion = en;
			hasScannedForEncodings = 0;
			knownRegions = (
				en,
				Base,
			);
			mainGroup = FD4240F12768BE1A00BCE60A;
			productRefGroup = FD4240FB2768BE1A00BCE60A /* Products */;
			projectDirPath = "";
			projectRoot = "";
			targets = (
				FD4240F92768BE1A00BCE60A /* SwiftUIAccessory */,
				FDE7C72F27ECBA950077E4B2 /* SwiftUIAccessory_Tests */,
				FD99DE8727F0632400248E27 /* SwiftUIAccessary_UITests */,
			);
		};
/* End PBXProject section */

/* Begin PBXResourcesBuildPhase section */
		FD4240F82768BE1A00BCE60A /* Resources */ = {
			isa = PBXResourcesBuildPhase;
			buildActionMask = 2147483647;
			files = (
				FDE9292F27AEA1D90012EE6F /* Reel7.MP4 in Resources */,
				FDE9293127AEA1D90012EE6F /* Reel6.MP4 in Resources */,
				FDE9293227AEA1D90012EE6F /* Reel5.MP4 in Resources */,
				FDE9293327AEA1D90012EE6F /* Reel1.MP4 in Resources */,
				FDE9293427AEA1D90012EE6F /* Reel4.MP4 in Resources */,
				FDE9293527AEA1D90012EE6F /* Reel3.MP4 in Resources */,
				FDE9293627AEA1D90012EE6F /* Reel2.MP4 in Resources */,
				FDA03FDF279AEA4400C2959D /* tada.mp3 in Resources */,
				FDA03FDE279AEA4400C2959D /* badum.mp3 in Resources */,
				FD4241052768BE1E00BCE60A /* Preview Assets.xcassets in Resources */,
				FD4241022768BE1E00BCE60A /* Assets.xcassets in Resources */,
			);
			runOnlyForDeploymentPostprocessing = 0;
		};
		FD99DE8627F0632400248E27 /* Resources */ = {
			isa = PBXResourcesBuildPhase;
			buildActionMask = 2147483647;
			files = (
			);
			runOnlyForDeploymentPostprocessing = 0;
		};
		FDE7C72E27ECBA950077E4B2 /* Resources */ = {
			isa = PBXResourcesBuildPhase;
			buildActionMask = 2147483647;
			files = (
			);
			runOnlyForDeploymentPostprocessing = 0;
		};
/* End PBXResourcesBuildPhase section */

/* Begin PBXSourcesBuildPhase section */
		FD4240F62768BE1A00BCE60A /* Sources */ = {
			isa = PBXSourcesBuildPhase;
			buildActionMask = 2147483647;
			files = (
				FD4F789F27CB95780004FAA8 /* PublishersSubscribersCombine.swift in Sources */,
				FDA03FDB279AE69200C2959D /* SoundEffects.swift in Sources */,
				FD2A869827DF5D0500392CBE /* ButtonStylesBootcamp.swift in Sources */,
				FD22621727E9C1F90033E3C1 /* PreferenceKeyBootcamp.swift in Sources */,
				FD4F789C27CB78EC0004FAA8 /* TimerOnReceive.swift in Sources */,
				FD7E75882796DD7100762FCE /* DragGestures2.swift in Sources */,
				FDA03FD8279AD80700C2959D /* Masks.swift in Sources */,
				FD7CC36027BD3F3700B83AB7 /* CoreDataRelationshipsBootCamp.swift in Sources */,
				FD68BE4327BBEFC400399326 /* FruitsContainer.xcdatamodeld in Sources */,
				FD68BE4027BBEE9400399326 /* CoreDataViewModel.swift in Sources */,
				FD6463212796B4C1000D4843 /* MagnificationGestures.swift in Sources */,
				FD2EE80A27F0409C0017A483 /* UITestingView.swift in Sources */,
				FD424119276A1DDA00BCE60A /* Context_Menu.swift in Sources */,
				FD6E2DD927CE34B7009602EB /* FileManagers.swift in Sources */,
				FD132AEC27EDE0EE00D28641 /* NewMockDataService.swift in Sources */,
				FDC84A4727EAFAB7005790B6 /* CustomNavBarView.swift in Sources */,
				FD7CC36527BD426100B83AB7 /* CoreDataContainer.xcdatamodeld in Sources */,
				FD7CC36227BD3F7D00B83AB7 /* CoreDataRelationshipsViewModel.swift in Sources */,
				FD55A4C027EB2068002F595C /* UIViewRepresentableBootcamp.swift in Sources */,
				FDC84A4927EAFE62005790B6 /* CustomNavBarContainerView.swift in Sources */,
				FDA71E1C27A6B026007E9695 /* AppReviewRequestFirst.swift in Sources */,
				FDE7C72B27ECB9C00077E4B2 /* UnitTestingBootcampViewViewModel.swift in Sources */,
				FD64631E2796AE8B000D4843 /* LongPressGesture.swift in Sources */,
				FDE7C72627ECA7B80077E4B2 /* DependencyInjection.swift in Sources */,
				FDC6310927C25204001A3600 /* TypeAlias.swift in Sources */,
				FD22621927E9C7D20033E3C1 /* GeometryPreferenceKey.swift in Sources */,
				FD1CEA8F27C1142100BA8262 /* BackgroundThreadsViewModel.swift in Sources */,
				FD4241002768BE1A00BCE60A /* ContentView.swift in Sources */,
				FDFCB3C027D2074F00DEF0FE /* DownloadImagesCombineViewModel.swift in Sources */,
				FD22621E27E9E6FB0033E3C1 /* AppTabBarView.swift in Sources */,
				FD59243B277335DE00EF524F /* Tabs.swift in Sources */,
				FD4241102768C67600BCE60A /* HeroSegmentControl.swift in Sources */,
				FD22622027E9E8770033E3C1 /* CustomTabBarView.swift in Sources */,
				FD8B6CD627CA356300E3EB26 /* DownloadWithEscaping.swift in Sources */,
				FDCC5869276CB96000B3114B /* Home.swift in Sources */,
				FDD6477F27AACBC000B573FC /* HapticsVibrations.swift in Sources */,
				FDEB8EF027E8660200BEB122 /* MatchedGeometryEffects.swift in Sources */,
				FD22621427E9AB3C0033E3C1 /* ViewBuilders.swift in Sources */,
				FDFCB3BC27D2037A00DEF0FE /* DownloadImagesCombine.swift in Sources */,
				FDFCB3CB27D228B100DEF0FE /* PhotoModelCacheManager.swift in Sources */,
				FD6BA57A2773492C00BA7F5D /* OffsetModifier.swift in Sources */,
				FDFCB3CD27D22D4400DEF0FE /* PhotoModelFileManager.swift in Sources */,
				FDFCB3C427D2168900DEF0FE /* DownloadingImagesRow.swift in Sources */,
				FD68BE3E27BBEE4200399326 /* CoreDataBootCamp.swift in Sources */,
				FDE9294127AEB7BA0012EE6F /* Reel.swift in Sources */,
				FDFCB3C727D21E6F00DEF0FE /* DownloadingImageView.swift in Sources */,
				FDC84A4B27EB01D5005790B6 /* CustomNavView.swift in Sources */,
				FD24D7B127709779002A1340 /* CustomToolBar.swift in Sources */,
				FDE7C72327EC9C6C0077E4B2 /* ProtocolsBootcamp.swift in Sources */,
				FDCC586E276CBBF600B3114B /* Post.swift in Sources */,
				FDA71E1A27A6AD10007E9695 /* AppReviewRequest.swift in Sources */,
				FD22622427E9F1F10033E3C1 /* TabBarItemsPreferenceKey.swift in Sources */,
				FDFCB3BE27D2064400DEF0FE /* PhotoModel.swift in Sources */,
				FD6EDB26276B67F50022F45A /* ButtonStyles.swift in Sources */,
				FD24D7B327709979002A1340 /* Popover.swift in Sources */,
				FD22621127E9A1A50033E3C1 /* GenericsBootcamp.swift in Sources */,
				FD8B6CCF27CA2DAE00E3EB26 /* CodableBootcamp1.swift in Sources */,
				FD4240FE2768BE1A00BCE60A /* SwiftUIAccessoryApp.swift in Sources */,
				FDE9294327AEB9540012EE6F /* CustomVideoPlayer.swift in Sources */,
				FD22622227E9ED6E0033E3C1 /* CustomTabBarContainerView.swift in Sources */,
				FD8B6CD327CA335A00E3EB26 /* CodableBootcamp2.swift in Sources */,
				FDE9293B27AEA2B20012EE6F /* MediaFile.swift in Sources */,
				FDA03FD2279AA58500C2959D /* GeometryReaders.swift in Sources */,
				FDE7C72927ECB81E0077E4B2 /* UnitTestingBootcampView.swift in Sources */,
				FDEB8EF227E86C5500BEB122 /* MatchedGeometryEffects2.swift in Sources */,
				FDC9DDC327DCAF89003FD978 /* LiquidSwipe.swift in Sources */,
				FDC84A4527EAF957005790B6 /* AppNavBarView.swift in Sources */,
				FDFCB3C227D2089000DEF0FE /* PhotoModelDataService.swift in Sources */,
				FDFCB3C927D21F9100DEF0FE /* ImageLoadingViewModel.swift in Sources */,
				FD8B6CCC27CA1ECC00E3EB26 /* CodableBootcamp.swift in Sources */,
				FD55A4C327EB2D14002F595C /* UIViewControllerRepresentableBootcamp.swift in Sources */,
				FD7E75862796D83500762FCE /* DragGestures.swift in Sources */,
				FD42411C276A216600BCE60A /* ConfirmationDialog.swift in Sources */,
				FD22621B27E9CC110033E3C1 /* ScrollViewOffsetPreferenceKeyBootcamp.swift in Sources */,
				FD42410D2768BF4600BCE60A /* CustomLoader.swift in Sources */,
				FD8E3E6527BA99C600CEDE62 /* ArraysBootcamp.swift in Sources */,
				FDC84A4F27EB07A0005790B6 /* CustomNavBarPreferenceKeys.swift in Sources */,
				FD1CEA8C27C113F600BA8262 /* BackgroundThreads.swift in Sources */,
				FDC6310627C24845001A3600 /* WeakSelf.swift in Sources */,
				FD8B6CD927CA448D00E3EB26 /* DownloadWithCombine.swift in Sources */,
				FD424116276A026700BCE60A /* Alerts_ActionSheets_Modals.swift in Sources */,
				FDD3565A2779CF3A00A3B34D /* ScratchCardEffect.swift in Sources */,
				FDEB8EF527E8717400BEB122 /* CustomShapes.swift in Sources */,
				FD6EDB23276B5FBA0022F45A /* EnvironmentValues.swift in Sources */,
				FDC84A4D27EB03EE005790B6 /* CustomNavLink.swift in Sources */,
				FD5F406127AE68BF007F4191 /* AppleBedTimeCircularSlider.swift in Sources */,
				FD28DB9E27B16352005E4568 /* HashableProtocol.swift in Sources */,
				FD2A869527DF572D00392CBE /* ViewModifiers.swift in Sources */,
				FD22622627E9F5840033E3C1 /* TabBarItem.swift in Sources */,
				FDA91FDE27E0759400AD1FE8 /* AnyTransitions.swift in Sources */,
				FDEB8EFB27E88F4C00BEB122 /* AnimateCustomShapes.swift in Sources */,
				FDCC586B276CBA2F00B3114B /* StaggeredGrid.swift in Sources */,
				FDC6310C27C2554B001A3600 /* EscapingClosures.swift in Sources */,
				FD7E75832796D56800762FCE /* RotationGestures.swift in Sources */,
				FD5924372773352300EF524F /* AnimatedAutoScrollableHeaderMenu.swift in Sources */,
				FDE9293F27AEA86B0012EE6F /* ReelsView.swift in Sources */,
				FDB3AA5327CF5FBB009F5EB6 /* CacheBootcamp.swift in Sources */,
				FDE9293D27AEA6F20012EE6F /* Reels.swift in Sources */,
				FDEB8EF827E879B200BEB122 /* CustomShapesWithArcsQuadCurves.swift in Sources */,
				FD4241132769F7B300BCE60A /* DatePickers.swift in Sources */,
				FD8D6B3127AFE0E10050FC49 /* LocalNotifications.swift in Sources */,
				FDA03FCF279A9F7D00C2959D /* ScrollViewReaders.swift in Sources */,
				FD512DB22785E3F700FDB242 /* CustomViewTransition.swift in Sources */,
				FD512DAC2785AE1200FDB242 /* BottomDrawers.swift in Sources */,
				FDA03FD5279AAAB700C2959D /* MultipleSheets.swift in Sources */,
				FDA71E1E27A6B034007E9695 /* AppReviewRequestSecond.swift in Sources */,
			);
			runOnlyForDeploymentPostprocessing = 0;
		};
		FD99DE8427F0632400248E27 /* Sources */ = {
			isa = PBXSourcesBuildPhase;
			buildActionMask = 2147483647;
			files = (
				FD99DE8B27F0632400248E27 /* SwiftUIAccessary_UITests.swift in Sources */,
				FD99DE9427F063B800248E27 /* UITestingView_UITests.swift in Sources */,
				FD99DE8D27F0632400248E27 /* SwiftUIAccessary_UITestsLaunchTests.swift in Sources */,
			);
			runOnlyForDeploymentPostprocessing = 0;
		};
		FDE7C72C27ECBA950077E4B2 /* Sources */ = {
			isa = PBXSourcesBuildPhase;
			buildActionMask = 2147483647;
			files = (
				FDE7C73327ECBA950077E4B2 /* SwiftUIAccessory_Tests.swift in Sources */,
				FDE7C73A27ECBB5B0077E4B2 /* UnitTestingBootcampViewViewModel_Tests.swift in Sources */,
				FD132AEE27EDE13C00D28641 /* NewMockDataService_Tests.swift in Sources */,
			);
			runOnlyForDeploymentPostprocessing = 0;
		};
/* End PBXSourcesBuildPhase section */

/* Begin PBXTargetDependency section */
		FD99DE8F27F0632400248E27 /* PBXTargetDependency */ = {
			isa = PBXTargetDependency;
			target = FD4240F92768BE1A00BCE60A /* SwiftUIAccessory */;
			targetProxy = FD99DE8E27F0632400248E27 /* PBXContainerItemProxy */;
		};
		FDE7C73527ECBA950077E4B2 /* PBXTargetDependency */ = {
			isa = PBXTargetDependency;
			target = FD4240F92768BE1A00BCE60A /* SwiftUIAccessory */;
			targetProxy = FDE7C73427ECBA950077E4B2 /* PBXContainerItemProxy */;
		};
/* End PBXTargetDependency section */

/* Begin XCBuildConfiguration section */
		FD4241062768BE1E00BCE60A /* Debug */ = {
			isa = XCBuildConfiguration;
			buildSettings = {
				ALWAYS_SEARCH_USER_PATHS = NO;
				CLANG_ANALYZER_NONNULL = YES;
				CLANG_ANALYZER_NUMBER_OBJECT_CONVERSION = YES_AGGRESSIVE;
				CLANG_CXX_LANGUAGE_STANDARD = "gnu++17";
				CLANG_CXX_LIBRARY = "libc++";
				CLANG_ENABLE_MODULES = YES;
				CLANG_ENABLE_OBJC_ARC = YES;
				CLANG_ENABLE_OBJC_WEAK = YES;
				CLANG_WARN_BLOCK_CAPTURE_AUTORELEASING = YES;
				CLANG_WARN_BOOL_CONVERSION = YES;
				CLANG_WARN_COMMA = YES;
				CLANG_WARN_CONSTANT_CONVERSION = YES;
				CLANG_WARN_DEPRECATED_OBJC_IMPLEMENTATIONS = YES;
				CLANG_WARN_DIRECT_OBJC_ISA_USAGE = YES_ERROR;
				CLANG_WARN_DOCUMENTATION_COMMENTS = YES;
				CLANG_WARN_EMPTY_BODY = YES;
				CLANG_WARN_ENUM_CONVERSION = YES;
				CLANG_WARN_INFINITE_RECURSION = YES;
				CLANG_WARN_INT_CONVERSION = YES;
				CLANG_WARN_NON_LITERAL_NULL_CONVERSION = YES;
				CLANG_WARN_OBJC_IMPLICIT_RETAIN_SELF = YES;
				CLANG_WARN_OBJC_LITERAL_CONVERSION = YES;
				CLANG_WARN_OBJC_ROOT_CLASS = YES_ERROR;
				CLANG_WARN_QUOTED_INCLUDE_IN_FRAMEWORK_HEADER = YES;
				CLANG_WARN_RANGE_LOOP_ANALYSIS = YES;
				CLANG_WARN_STRICT_PROTOTYPES = YES;
				CLANG_WARN_SUSPICIOUS_MOVE = YES;
				CLANG_WARN_UNGUARDED_AVAILABILITY = YES_AGGRESSIVE;
				CLANG_WARN_UNREACHABLE_CODE = YES;
				CLANG_WARN__DUPLICATE_METHOD_MATCH = YES;
				COPY_PHASE_STRIP = NO;
				DEBUG_INFORMATION_FORMAT = dwarf;
				ENABLE_STRICT_OBJC_MSGSEND = YES;
				ENABLE_TESTABILITY = YES;
				GCC_C_LANGUAGE_STANDARD = gnu11;
				GCC_DYNAMIC_NO_PIC = NO;
				GCC_NO_COMMON_BLOCKS = YES;
				GCC_OPTIMIZATION_LEVEL = 0;
				GCC_PREPROCESSOR_DEFINITIONS = (
					"DEBUG=1",
					"$(inherited)",
				);
				GCC_WARN_64_TO_32_BIT_CONVERSION = YES;
				GCC_WARN_ABOUT_RETURN_TYPE = YES_ERROR;
				GCC_WARN_UNDECLARED_SELECTOR = YES;
				GCC_WARN_UNINITIALIZED_AUTOS = YES_AGGRESSIVE;
				GCC_WARN_UNUSED_FUNCTION = YES;
				GCC_WARN_UNUSED_VARIABLE = YES;
				IPHONEOS_DEPLOYMENT_TARGET = 15.0;
				MTL_ENABLE_DEBUG_INFO = INCLUDE_SOURCE;
				MTL_FAST_MATH = YES;
				ONLY_ACTIVE_ARCH = YES;
				SDKROOT = iphoneos;
				SWIFT_ACTIVE_COMPILATION_CONDITIONS = DEBUG;
				SWIFT_OPTIMIZATION_LEVEL = "-Onone";
			};
			name = Debug;
		};
		FD4241072768BE1E00BCE60A /* Release */ = {
			isa = XCBuildConfiguration;
			buildSettings = {
				ALWAYS_SEARCH_USER_PATHS = NO;
				CLANG_ANALYZER_NONNULL = YES;
				CLANG_ANALYZER_NUMBER_OBJECT_CONVERSION = YES_AGGRESSIVE;
				CLANG_CXX_LANGUAGE_STANDARD = "gnu++17";
				CLANG_CXX_LIBRARY = "libc++";
				CLANG_ENABLE_MODULES = YES;
				CLANG_ENABLE_OBJC_ARC = YES;
				CLANG_ENABLE_OBJC_WEAK = YES;
				CLANG_WARN_BLOCK_CAPTURE_AUTORELEASING = YES;
				CLANG_WARN_BOOL_CONVERSION = YES;
				CLANG_WARN_COMMA = YES;
				CLANG_WARN_CONSTANT_CONVERSION = YES;
				CLANG_WARN_DEPRECATED_OBJC_IMPLEMENTATIONS = YES;
				CLANG_WARN_DIRECT_OBJC_ISA_USAGE = YES_ERROR;
				CLANG_WARN_DOCUMENTATION_COMMENTS = YES;
				CLANG_WARN_EMPTY_BODY = YES;
				CLANG_WARN_ENUM_CONVERSION = YES;
				CLANG_WARN_INFINITE_RECURSION = YES;
				CLANG_WARN_INT_CONVERSION = YES;
				CLANG_WARN_NON_LITERAL_NULL_CONVERSION = YES;
				CLANG_WARN_OBJC_IMPLICIT_RETAIN_SELF = YES;
				CLANG_WARN_OBJC_LITERAL_CONVERSION = YES;
				CLANG_WARN_OBJC_ROOT_CLASS = YES_ERROR;
				CLANG_WARN_QUOTED_INCLUDE_IN_FRAMEWORK_HEADER = YES;
				CLANG_WARN_RANGE_LOOP_ANALYSIS = YES;
				CLANG_WARN_STRICT_PROTOTYPES = YES;
				CLANG_WARN_SUSPICIOUS_MOVE = YES;
				CLANG_WARN_UNGUARDED_AVAILABILITY = YES_AGGRESSIVE;
				CLANG_WARN_UNREACHABLE_CODE = YES;
				CLANG_WARN__DUPLICATE_METHOD_MATCH = YES;
				COPY_PHASE_STRIP = NO;
				DEBUG_INFORMATION_FORMAT = "dwarf-with-dsym";
				ENABLE_NS_ASSERTIONS = NO;
				ENABLE_STRICT_OBJC_MSGSEND = YES;
				GCC_C_LANGUAGE_STANDARD = gnu11;
				GCC_NO_COMMON_BLOCKS = YES;
				GCC_WARN_64_TO_32_BIT_CONVERSION = YES;
				GCC_WARN_ABOUT_RETURN_TYPE = YES_ERROR;
				GCC_WARN_UNDECLARED_SELECTOR = YES;
				GCC_WARN_UNINITIALIZED_AUTOS = YES_AGGRESSIVE;
				GCC_WARN_UNUSED_FUNCTION = YES;
				GCC_WARN_UNUSED_VARIABLE = YES;
				IPHONEOS_DEPLOYMENT_TARGET = 15.0;
				MTL_ENABLE_DEBUG_INFO = NO;
				MTL_FAST_MATH = YES;
				SDKROOT = iphoneos;
				SWIFT_COMPILATION_MODE = wholemodule;
				SWIFT_OPTIMIZATION_LEVEL = "-O";
				VALIDATE_PRODUCT = YES;
			};
			name = Release;
		};
		FD4241092768BE1E00BCE60A /* Debug */ = {
			isa = XCBuildConfiguration;
			buildSettings = {
				ASSETCATALOG_COMPILER_APPICON_NAME = AppIcon;
				ASSETCATALOG_COMPILER_GLOBAL_ACCENT_COLOR_NAME = AccentColor;
				CODE_SIGN_STYLE = Automatic;
				CURRENT_PROJECT_VERSION = 2;
				DEVELOPMENT_ASSET_PATHS = "\"SwiftUIAccessory/Preview Content\"";
				DEVELOPMENT_TEAM = XP6V4T4UU6;
				ENABLE_PREVIEWS = YES;
				GENERATE_INFOPLIST_FILE = YES;
				INFOPLIST_KEY_UIApplicationSceneManifest_Generation = YES;
				INFOPLIST_KEY_UIApplicationSupportsIndirectInputEvents = YES;
				INFOPLIST_KEY_UILaunchScreen_Generation = YES;
				INFOPLIST_KEY_UISupportedInterfaceOrientations_iPad = "UIInterfaceOrientationPortrait UIInterfaceOrientationPortraitUpsideDown UIInterfaceOrientationLandscapeLeft UIInterfaceOrientationLandscapeRight";
				INFOPLIST_KEY_UISupportedInterfaceOrientations_iPhone = UIInterfaceOrientationPortrait;
				LD_RUNPATH_SEARCH_PATHS = (
					"$(inherited)",
					"@executable_path/Frameworks",
				);
				MARKETING_VERSION = 1.0;
				PRODUCT_BUNDLE_IDENTIFIER = com.blacenovas.SwiftUIAccessory;
				PRODUCT_NAME = "$(TARGET_NAME)";
				SWIFT_EMIT_LOC_STRINGS = YES;
				SWIFT_VERSION = 5.0;
				TARGETED_DEVICE_FAMILY = "1,2";
			};
			name = Debug;
		};
		FD42410A2768BE1E00BCE60A /* Release */ = {
			isa = XCBuildConfiguration;
			buildSettings = {
				ASSETCATALOG_COMPILER_APPICON_NAME = AppIcon;
				ASSETCATALOG_COMPILER_GLOBAL_ACCENT_COLOR_NAME = AccentColor;
				CODE_SIGN_STYLE = Automatic;
				CURRENT_PROJECT_VERSION = 2;
				DEVELOPMENT_ASSET_PATHS = "\"SwiftUIAccessory/Preview Content\"";
				DEVELOPMENT_TEAM = XP6V4T4UU6;
				ENABLE_PREVIEWS = YES;
				GENERATE_INFOPLIST_FILE = YES;
				INFOPLIST_KEY_UIApplicationSceneManifest_Generation = YES;
				INFOPLIST_KEY_UIApplicationSupportsIndirectInputEvents = YES;
				INFOPLIST_KEY_UILaunchScreen_Generation = YES;
				INFOPLIST_KEY_UISupportedInterfaceOrientations_iPad = "UIInterfaceOrientationPortrait UIInterfaceOrientationPortraitUpsideDown UIInterfaceOrientationLandscapeLeft UIInterfaceOrientationLandscapeRight";
				INFOPLIST_KEY_UISupportedInterfaceOrientations_iPhone = UIInterfaceOrientationPortrait;
				LD_RUNPATH_SEARCH_PATHS = (
					"$(inherited)",
					"@executable_path/Frameworks",
				);
				MARKETING_VERSION = 1.0;
				PRODUCT_BUNDLE_IDENTIFIER = com.blacenovas.SwiftUIAccessory;
				PRODUCT_NAME = "$(TARGET_NAME)";
				SWIFT_EMIT_LOC_STRINGS = YES;
				SWIFT_VERSION = 5.0;
				TARGETED_DEVICE_FAMILY = "1,2";
			};
			name = Release;
		};
		FD99DE9127F0632400248E27 /* Debug */ = {
			isa = XCBuildConfiguration;
			buildSettings = {
				CODE_SIGN_STYLE = Automatic;
				CURRENT_PROJECT_VERSION = 1;
				DEVELOPMENT_TEAM = XP6V4T4UU6;
				GENERATE_INFOPLIST_FILE = YES;
				IPHONEOS_DEPLOYMENT_TARGET = 15.2;
				MARKETING_VERSION = 1.0;
				PRODUCT_BUNDLE_IDENTIFIER = "com.blacenova.sample.SwiftUIAccessary-UITests";
				PRODUCT_NAME = "$(TARGET_NAME)";
				SWIFT_EMIT_LOC_STRINGS = NO;
				SWIFT_VERSION = 5.0;
				TARGETED_DEVICE_FAMILY = "1,2";
				TEST_TARGET_NAME = SwiftUIAccessory;
			};
			name = Debug;
		};
		FD99DE9227F0632400248E27 /* Release */ = {
			isa = XCBuildConfiguration;
			buildSettings = {
				CODE_SIGN_STYLE = Automatic;
				CURRENT_PROJECT_VERSION = 1;
				DEVELOPMENT_TEAM = XP6V4T4UU6;
				GENERATE_INFOPLIST_FILE = YES;
				IPHONEOS_DEPLOYMENT_TARGET = 15.2;
				MARKETING_VERSION = 1.0;
				PRODUCT_BUNDLE_IDENTIFIER = "com.blacenova.sample.SwiftUIAccessary-UITests";
				PRODUCT_NAME = "$(TARGET_NAME)";
				SWIFT_EMIT_LOC_STRINGS = NO;
				SWIFT_VERSION = 5.0;
				TARGETED_DEVICE_FAMILY = "1,2";
				TEST_TARGET_NAME = SwiftUIAccessory;
			};
			name = Release;
		};
		FDE7C73727ECBA950077E4B2 /* Debug */ = {
			isa = XCBuildConfiguration;
			buildSettings = {
				BUNDLE_LOADER = "$(TEST_HOST)";
				CODE_SIGN_STYLE = Automatic;
				CURRENT_PROJECT_VERSION = 1;
				DEVELOPMENT_TEAM = XP6V4T4UU6;
				GENERATE_INFOPLIST_FILE = YES;
				IPHONEOS_DEPLOYMENT_TARGET = 15.2;
				MARKETING_VERSION = 1.0;
				PRODUCT_BUNDLE_IDENTIFIER = "com.blacenova.sample.SwiftUIAccessory-Tests";
				PRODUCT_NAME = "$(TARGET_NAME)";
				SWIFT_EMIT_LOC_STRINGS = NO;
				SWIFT_VERSION = 5.0;
				TARGETED_DEVICE_FAMILY = "1,2";
				TEST_HOST = "$(BUILT_PRODUCTS_DIR)/SwiftUIAccessory.app/SwiftUIAccessory";
			};
			name = Debug;
		};
		FDE7C73827ECBA950077E4B2 /* Release */ = {
			isa = XCBuildConfiguration;
			buildSettings = {
				BUNDLE_LOADER = "$(TEST_HOST)";
				CODE_SIGN_STYLE = Automatic;
				CURRENT_PROJECT_VERSION = 1;
				DEVELOPMENT_TEAM = XP6V4T4UU6;
				GENERATE_INFOPLIST_FILE = YES;
				IPHONEOS_DEPLOYMENT_TARGET = 15.2;
				MARKETING_VERSION = 1.0;
				PRODUCT_BUNDLE_IDENTIFIER = "com.blacenova.sample.SwiftUIAccessory-Tests";
				PRODUCT_NAME = "$(TARGET_NAME)";
				SWIFT_EMIT_LOC_STRINGS = NO;
				SWIFT_VERSION = 5.0;
				TARGETED_DEVICE_FAMILY = "1,2";
				TEST_HOST = "$(BUILT_PRODUCTS_DIR)/SwiftUIAccessory.app/SwiftUIAccessory";
			};
			name = Release;
		};
/* End XCBuildConfiguration section */

/* Begin XCConfigurationList section */
		FD4240F52768BE1A00BCE60A /* Build configuration list for PBXProject "SwiftUIAccessory" */ = {
			isa = XCConfigurationList;
			buildConfigurations = (
				FD4241062768BE1E00BCE60A /* Debug */,
				FD4241072768BE1E00BCE60A /* Release */,
			);
			defaultConfigurationIsVisible = 0;
			defaultConfigurationName = Release;
		};
		FD4241082768BE1E00BCE60A /* Build configuration list for PBXNativeTarget "SwiftUIAccessory" */ = {
			isa = XCConfigurationList;
			buildConfigurations = (
				FD4241092768BE1E00BCE60A /* Debug */,
				FD42410A2768BE1E00BCE60A /* Release */,
			);
			defaultConfigurationIsVisible = 0;
			defaultConfigurationName = Release;
		};
		FD99DE9027F0632400248E27 /* Build configuration list for PBXNativeTarget "SwiftUIAccessary_UITests" */ = {
			isa = XCConfigurationList;
			buildConfigurations = (
				FD99DE9127F0632400248E27 /* Debug */,
				FD99DE9227F0632400248E27 /* Release */,
			);
			defaultConfigurationIsVisible = 0;
			defaultConfigurationName = Release;
		};
		FDE7C73627ECBA950077E4B2 /* Build configuration list for PBXNativeTarget "SwiftUIAccessory_Tests" */ = {
			isa = XCConfigurationList;
			buildConfigurations = (
				FDE7C73727ECBA950077E4B2 /* Debug */,
				FDE7C73827ECBA950077E4B2 /* Release */,
			);
			defaultConfigurationIsVisible = 0;
			defaultConfigurationName = Release;
		};
/* End XCConfigurationList section */

/* Begin XCVersionGroup section */
		FD68BE4127BBEFC400399326 /* FruitsContainer.xcdatamodeld */ = {
			isa = XCVersionGroup;
			children = (
				FD68BE4227BBEFC400399326 /* FruitsContainer.xcdatamodel */,
			);
			currentVersion = FD68BE4227BBEFC400399326 /* FruitsContainer.xcdatamodel */;
			path = FruitsContainer.xcdatamodeld;
			sourceTree = "<group>";
			versionGroupType = wrapper.xcdatamodel;
		};
		FD7CC36327BD426100B83AB7 /* CoreDataContainer.xcdatamodeld */ = {
			isa = XCVersionGroup;
			children = (
				FD7CC36427BD426100B83AB7 /* CoreDataContainer.xcdatamodel */,
			);
			currentVersion = FD7CC36427BD426100B83AB7 /* CoreDataContainer.xcdatamodel */;
			path = CoreDataContainer.xcdatamodeld;
			sourceTree = "<group>";
			versionGroupType = wrapper.xcdatamodel;
		};
/* End XCVersionGroup section */
	};
	rootObject = FD4240F22768BE1A00BCE60A /* Project object */;
}
