// !$*UTF8*$!
{
	archiveVersion = 1;
	classes = {
	};
	objectVersion = 55;
	objects = {

/* Begin PBXBuildFile section */
		FD4240FE2768BE1A00BCE60A /* SwiftUIAccessoryApp.swift in Sources */ = {isa = PBXBuildFile; fileRef = FD4240FD2768BE1A00BCE60A /* SwiftUIAccessoryApp.swift */; };
		FD4241002768BE1A00BCE60A /* ContentView.swift in Sources */ = {isa = PBXBuildFile; fileRef = FD4240FF2768BE1A00BCE60A /* ContentView.swift */; };
		FD4241022768BE1E00BCE60A /* Assets.xcassets in Resources */ = {isa = PBXBuildFile; fileRef = FD4241012768BE1E00BCE60A /* Assets.xcassets */; };
		FD4241052768BE1E00BCE60A /* Preview Assets.xcassets in Resources */ = {isa = PBXBuildFile; fileRef = FD4241042768BE1E00BCE60A /* Preview Assets.xcassets */; };
		FD42410D2768BF4600BCE60A /* CustomLoader.swift in Sources */ = {isa = PBXBuildFile; fileRef = FD42410C2768BF4600BCE60A /* CustomLoader.swift */; };
		FD4241102768C67600BCE60A /* HeroSegmentControl.swift in Sources */ = {isa = PBXBuildFile; fileRef = FD42410F2768C67600BCE60A /* HeroSegmentControl.swift */; };
		FD4241132769F7B300BCE60A /* DatePickers.swift in Sources */ = {isa = PBXBuildFile; fileRef = FD4241122769F7B300BCE60A /* DatePickers.swift */; };
		FD424116276A026700BCE60A /* Alerts_ActionSheets_Modals.swift in Sources */ = {isa = PBXBuildFile; fileRef = FD424115276A026700BCE60A /* Alerts_ActionSheets_Modals.swift */; };
		FD424119276A1DDA00BCE60A /* Context_Menu.swift in Sources */ = {isa = PBXBuildFile; fileRef = FD424118276A1DDA00BCE60A /* Context_Menu.swift */; };
/* End PBXBuildFile section */

/* Begin PBXFileReference section */
		FD4240FA2768BE1A00BCE60A /* SwiftUIAccessory.app */ = {isa = PBXFileReference; explicitFileType = wrapper.application; includeInIndex = 0; path = SwiftUIAccessory.app; sourceTree = BUILT_PRODUCTS_DIR; };
		FD4240FD2768BE1A00BCE60A /* SwiftUIAccessoryApp.swift */ = {isa = PBXFileReference; lastKnownFileType = sourcecode.swift; path = SwiftUIAccessoryApp.swift; sourceTree = "<group>"; };
		FD4240FF2768BE1A00BCE60A /* ContentView.swift */ = {isa = PBXFileReference; lastKnownFileType = sourcecode.swift; path = ContentView.swift; sourceTree = "<group>"; };
		FD4241012768BE1E00BCE60A /* Assets.xcassets */ = {isa = PBXFileReference; lastKnownFileType = folder.assetcatalog; path = Assets.xcassets; sourceTree = "<group>"; };
		FD4241042768BE1E00BCE60A /* Preview Assets.xcassets */ = {isa = PBXFileReference; lastKnownFileType = folder.assetcatalog; path = "Preview Assets.xcassets"; sourceTree = "<group>"; };
		FD42410C2768BF4600BCE60A /* CustomLoader.swift */ = {isa = PBXFileReference; lastKnownFileType = sourcecode.swift; path = CustomLoader.swift; sourceTree = "<group>"; };
		FD42410F2768C67600BCE60A /* HeroSegmentControl.swift */ = {isa = PBXFileReference; lastKnownFileType = sourcecode.swift; path = HeroSegmentControl.swift; sourceTree = "<group>"; };
		FD4241122769F7B300BCE60A /* DatePickers.swift */ = {isa = PBXFileReference; lastKnownFileType = sourcecode.swift; path = DatePickers.swift; sourceTree = "<group>"; };
		FD424115276A026700BCE60A /* Alerts_ActionSheets_Modals.swift */ = {isa = PBXFileReference; lastKnownFileType = sourcecode.swift; path = Alerts_ActionSheets_Modals.swift; sourceTree = "<group>"; };
		FD424118276A1DDA00BCE60A /* Context_Menu.swift */ = {isa = PBXFileReference; lastKnownFileType = sourcecode.swift; path = Context_Menu.swift; sourceTree = "<group>"; };
/* End PBXFileReference section */

/* Begin PBXFrameworksBuildPhase section */
		FD4240F72768BE1A00BCE60A /* Frameworks */ = {
			isa = PBXFrameworksBuildPhase;
			buildActionMask = 2147483647;
			files = (
			);
			runOnlyForDeploymentPostprocessing = 0;
		};
/* End PBXFrameworksBuildPhase section */

/* Begin PBXGroup section */
		FD4240F12768BE1A00BCE60A = {
			isa = PBXGroup;
			children = (
				FD4240FC2768BE1A00BCE60A /* SwiftUIAccessory */,
				FD4240FB2768BE1A00BCE60A /* Products */,
			);
			sourceTree = "<group>";
		};
		FD4240FB2768BE1A00BCE60A /* Products */ = {
			isa = PBXGroup;
			children = (
				FD4240FA2768BE1A00BCE60A /* SwiftUIAccessory.app */,
			);
			name = Products;
			sourceTree = "<group>";
		};
		FD4240FC2768BE1A00BCE60A /* SwiftUIAccessory */ = {
			isa = PBXGroup;
			children = (
				FD4240FD2768BE1A00BCE60A /* SwiftUIAccessoryApp.swift */,
				FD4240FF2768BE1A00BCE60A /* ContentView.swift */,
				FD424117276A1D1B00BCE60A /* Context_Menu */,
				FD424114276A024200BCE60A /* Alerts_ActionSheets_Modals */,
				FD4241112769F77500BCE60A /* DatePickers */,
				FD42410E2768C64C00BCE60A /* HeroSegmentControl */,
				FD42410B2768BF3700BCE60A /* CustomLoader */,
				FD4241012768BE1E00BCE60A /* Assets.xcassets */,
				FD4241032768BE1E00BCE60A /* Preview Content */,
			);
			path = SwiftUIAccessory;
			sourceTree = "<group>";
		};
		FD4241032768BE1E00BCE60A /* Preview Content */ = {
			isa = PBXGroup;
			children = (
				FD4241042768BE1E00BCE60A /* Preview Assets.xcassets */,
			);
			path = "Preview Content";
			sourceTree = "<group>";
		};
		FD42410B2768BF3700BCE60A /* CustomLoader */ = {
			isa = PBXGroup;
			children = (
				FD42410C2768BF4600BCE60A /* CustomLoader.swift */,
			);
			path = CustomLoader;
			sourceTree = "<group>";
		};
		FD42410E2768C64C00BCE60A /* HeroSegmentControl */ = {
			isa = PBXGroup;
			children = (
				FD42410F2768C67600BCE60A /* HeroSegmentControl.swift */,
			);
			path = HeroSegmentControl;
			sourceTree = "<group>";
		};
		FD4241112769F77500BCE60A /* DatePickers */ = {
			isa = PBXGroup;
			children = (
				FD4241122769F7B300BCE60A /* DatePickers.swift */,
			);
			path = DatePickers;
			sourceTree = "<group>";
		};
		FD424114276A024200BCE60A /* Alerts_ActionSheets_Modals */ = {
			isa = PBXGroup;
			children = (
				FD424115276A026700BCE60A /* Alerts_ActionSheets_Modals.swift */,
			);
			path = Alerts_ActionSheets_Modals;
			sourceTree = "<group>";
		};
		FD424117276A1D1B00BCE60A /* Context_Menu */ = {
			isa = PBXGroup;
			children = (
				FD424118276A1DDA00BCE60A /* Context_Menu.swift */,
			);
			path = Context_Menu;
			sourceTree = "<group>";
		};
/* End PBXGroup section */

/* Begin PBXNativeTarget section */
		FD4240F92768BE1A00BCE60A /* SwiftUIAccessory */ = {
			isa = PBXNativeTarget;
			buildConfigurationList = FD4241082768BE1E00BCE60A /* Build configuration list for PBXNativeTarget "SwiftUIAccessory" */;
			buildPhases = (
				FD4240F62768BE1A00BCE60A /* Sources */,
				FD4240F72768BE1A00BCE60A /* Frameworks */,
				FD4240F82768BE1A00BCE60A /* Resources */,
			);
			buildRules = (
			);
			dependencies = (
			);
			name = SwiftUIAccessory;
			productName = SwiftUIAccessory;
			productReference = FD4240FA2768BE1A00BCE60A /* SwiftUIAccessory.app */;
			productType = "com.apple.product-type.application";
		};
/* End PBXNativeTarget section */

/* Begin PBXProject section */
		FD4240F22768BE1A00BCE60A /* Project object */ = {
			isa = PBXProject;
			attributes = {
				BuildIndependentTargetsInParallel = 1;
				LastSwiftUpdateCheck = 1310;
				LastUpgradeCheck = 1310;
				TargetAttributes = {
					FD4240F92768BE1A00BCE60A = {
						CreatedOnToolsVersion = 13.1;
					};
				};
			};
			buildConfigurationList = FD4240F52768BE1A00BCE60A /* Build configuration list for PBXProject "SwiftUIAccessory" */;
			compatibilityVersion = "Xcode 13.0";
			developmentRegion = en;
			hasScannedForEncodings = 0;
			knownRegions = (
				en,
				Base,
			);
			mainGroup = FD4240F12768BE1A00BCE60A;
			productRefGroup = FD4240FB2768BE1A00BCE60A /* Products */;
			projectDirPath = "";
			projectRoot = "";
			targets = (
				FD4240F92768BE1A00BCE60A /* SwiftUIAccessory */,
			);
		};
/* End PBXProject section */

/* Begin PBXResourcesBuildPhase section */
		FD4240F82768BE1A00BCE60A /* Resources */ = {
			isa = PBXResourcesBuildPhase;
			buildActionMask = 2147483647;
			files = (
				FD4241052768BE1E00BCE60A /* Preview Assets.xcassets in Resources */,
				FD4241022768BE1E00BCE60A /* Assets.xcassets in Resources */,
			);
			runOnlyForDeploymentPostprocessing = 0;
		};
/* End PBXResourcesBuildPhase section */

/* Begin PBXSourcesBuildPhase section */
		FD4240F62768BE1A00BCE60A /* Sources */ = {
			isa = PBXSourcesBuildPhase;
			buildActionMask = 2147483647;
			files = (
				FD424119276A1DDA00BCE60A /* Context_Menu.swift in Sources */,
				FD4241002768BE1A00BCE60A /* ContentView.swift in Sources */,
				FD4241102768C67600BCE60A /* HeroSegmentControl.swift in Sources */,
				FD4240FE2768BE1A00BCE60A /* SwiftUIAccessoryApp.swift in Sources */,
				FD42410D2768BF4600BCE60A /* CustomLoader.swift in Sources */,
				FD424116276A026700BCE60A /* Alerts_ActionSheets_Modals.swift in Sources */,
				FD4241132769F7B300BCE60A /* DatePickers.swift in Sources */,
			);
			runOnlyForDeploymentPostprocessing = 0;
		};
/* End PBXSourcesBuildPhase section */

/* Begin XCBuildConfiguration section */
		FD4241062768BE1E00BCE60A /* Debug */ = {
			isa = XCBuildConfiguration;
			buildSettings = {
				ALWAYS_SEARCH_USER_PATHS = NO;
				CLANG_ANALYZER_NONNULL = YES;
				CLANG_ANALYZER_NUMBER_OBJECT_CONVERSION = YES_AGGRESSIVE;
				CLANG_CXX_LANGUAGE_STANDARD = "gnu++17";
				CLANG_CXX_LIBRARY = "libc++";
				CLANG_ENABLE_MODULES = YES;
				CLANG_ENABLE_OBJC_ARC = YES;
				CLANG_ENABLE_OBJC_WEAK = YES;
				CLANG_WARN_BLOCK_CAPTURE_AUTORELEASING = YES;
				CLANG_WARN_BOOL_CONVERSION = YES;
				CLANG_WARN_COMMA = YES;
				CLANG_WARN_CONSTANT_CONVERSION = YES;
				CLANG_WARN_DEPRECATED_OBJC_IMPLEMENTATIONS = YES;
				CLANG_WARN_DIRECT_OBJC_ISA_USAGE = YES_ERROR;
				CLANG_WARN_DOCUMENTATION_COMMENTS = YES;
				CLANG_WARN_EMPTY_BODY = YES;
				CLANG_WARN_ENUM_CONVERSION = YES;
				CLANG_WARN_INFINITE_RECURSION = YES;
				CLANG_WARN_INT_CONVERSION = YES;
				CLANG_WARN_NON_LITERAL_NULL_CONVERSION = YES;
				CLANG_WARN_OBJC_IMPLICIT_RETAIN_SELF = YES;
				CLANG_WARN_OBJC_LITERAL_CONVERSION = YES;
				CLANG_WARN_OBJC_ROOT_CLASS = YES_ERROR;
				CLANG_WARN_QUOTED_INCLUDE_IN_FRAMEWORK_HEADER = YES;
				CLANG_WARN_RANGE_LOOP_ANALYSIS = YES;
				CLANG_WARN_STRICT_PROTOTYPES = YES;
				CLANG_WARN_SUSPICIOUS_MOVE = YES;
				CLANG_WARN_UNGUARDED_AVAILABILITY = YES_AGGRESSIVE;
				CLANG_WARN_UNREACHABLE_CODE = YES;
				CLANG_WARN__DUPLICATE_METHOD_MATCH = YES;
				COPY_PHASE_STRIP = NO;
				DEBUG_INFORMATION_FORMAT = dwarf;
				ENABLE_STRICT_OBJC_MSGSEND = YES;
				ENABLE_TESTABILITY = YES;
				GCC_C_LANGUAGE_STANDARD = gnu11;
				GCC_DYNAMIC_NO_PIC = NO;
				GCC_NO_COMMON_BLOCKS = YES;
				GCC_OPTIMIZATION_LEVEL = 0;
				GCC_PREPROCESSOR_DEFINITIONS = (
					"DEBUG=1",
					"$(inherited)",
				);
				GCC_WARN_64_TO_32_BIT_CONVERSION = YES;
				GCC_WARN_ABOUT_RETURN_TYPE = YES_ERROR;
				GCC_WARN_UNDECLARED_SELECTOR = YES;
				GCC_WARN_UNINITIALIZED_AUTOS = YES_AGGRESSIVE;
				GCC_WARN_UNUSED_FUNCTION = YES;
				GCC_WARN_UNUSED_VARIABLE = YES;
				IPHONEOS_DEPLOYMENT_TARGET = 15.0;
				MTL_ENABLE_DEBUG_INFO = INCLUDE_SOURCE;
				MTL_FAST_MATH = YES;
				ONLY_ACTIVE_ARCH = YES;
				SDKROOT = iphoneos;
				SWIFT_ACTIVE_COMPILATION_CONDITIONS = DEBUG;
				SWIFT_OPTIMIZATION_LEVEL = "-Onone";
			};
			name = Debug;
		};
		FD4241072768BE1E00BCE60A /* Release */ = {
			isa = XCBuildConfiguration;
			buildSettings = {
				ALWAYS_SEARCH_USER_PATHS = NO;
				CLANG_ANALYZER_NONNULL = YES;
				CLANG_ANALYZER_NUMBER_OBJECT_CONVERSION = YES_AGGRESSIVE;
				CLANG_CXX_LANGUAGE_STANDARD = "gnu++17";
				CLANG_CXX_LIBRARY = "libc++";
				CLANG_ENABLE_MODULES = YES;
				CLANG_ENABLE_OBJC_ARC = YES;
				CLANG_ENABLE_OBJC_WEAK = YES;
				CLANG_WARN_BLOCK_CAPTURE_AUTORELEASING = YES;
				CLANG_WARN_BOOL_CONVERSION = YES;
				CLANG_WARN_COMMA = YES;
				CLANG_WARN_CONSTANT_CONVERSION = YES;
				CLANG_WARN_DEPRECATED_OBJC_IMPLEMENTATIONS = YES;
				CLANG_WARN_DIRECT_OBJC_ISA_USAGE = YES_ERROR;
				CLANG_WARN_DOCUMENTATION_COMMENTS = YES;
				CLANG_WARN_EMPTY_BODY = YES;
				CLANG_WARN_ENUM_CONVERSION = YES;
				CLANG_WARN_INFINITE_RECURSION = YES;
				CLANG_WARN_INT_CONVERSION = YES;
				CLANG_WARN_NON_LITERAL_NULL_CONVERSION = YES;
				CLANG_WARN_OBJC_IMPLICIT_RETAIN_SELF = YES;
				CLANG_WARN_OBJC_LITERAL_CONVERSION = YES;
				CLANG_WARN_OBJC_ROOT_CLASS = YES_ERROR;
				CLANG_WARN_QUOTED_INCLUDE_IN_FRAMEWORK_HEADER = YES;
				CLANG_WARN_RANGE_LOOP_ANALYSIS = YES;
				CLANG_WARN_STRICT_PROTOTYPES = YES;
				CLANG_WARN_SUSPICIOUS_MOVE = YES;
				CLANG_WARN_UNGUARDED_AVAILABILITY = YES_AGGRESSIVE;
				CLANG_WARN_UNREACHABLE_CODE = YES;
				CLANG_WARN__DUPLICATE_METHOD_MATCH = YES;
				COPY_PHASE_STRIP = NO;
				DEBUG_INFORMATION_FORMAT = "dwarf-with-dsym";
				ENABLE_NS_ASSERTIONS = NO;
				ENABLE_STRICT_OBJC_MSGSEND = YES;
				GCC_C_LANGUAGE_STANDARD = gnu11;
				GCC_NO_COMMON_BLOCKS = YES;
				GCC_WARN_64_TO_32_BIT_CONVERSION = YES;
				GCC_WARN_ABOUT_RETURN_TYPE = YES_ERROR;
				GCC_WARN_UNDECLARED_SELECTOR = YES;
				GCC_WARN_UNINITIALIZED_AUTOS = YES_AGGRESSIVE;
				GCC_WARN_UNUSED_FUNCTION = YES;
				GCC_WARN_UNUSED_VARIABLE = YES;
				IPHONEOS_DEPLOYMENT_TARGET = 15.0;
				MTL_ENABLE_DEBUG_INFO = NO;
				MTL_FAST_MATH = YES;
				SDKROOT = iphoneos;
				SWIFT_COMPILATION_MODE = wholemodule;
				SWIFT_OPTIMIZATION_LEVEL = "-O";
				VALIDATE_PRODUCT = YES;
			};
			name = Release;
		};
		FD4241092768BE1E00BCE60A /* Debug */ = {
			isa = XCBuildConfiguration;
			buildSettings = {
				ASSETCATALOG_COMPILER_APPICON_NAME = AppIcon;
				ASSETCATALOG_COMPILER_GLOBAL_ACCENT_COLOR_NAME = AccentColor;
				CODE_SIGN_STYLE = Automatic;
				CURRENT_PROJECT_VERSION = 1;
				DEVELOPMENT_ASSET_PATHS = "\"SwiftUIAccessory/Preview Content\"";
				DEVELOPMENT_TEAM = XP6V4T4UU6;
				ENABLE_PREVIEWS = YES;
				GENERATE_INFOPLIST_FILE = YES;
				INFOPLIST_KEY_UIApplicationSceneManifest_Generation = YES;
				INFOPLIST_KEY_UIApplicationSupportsIndirectInputEvents = YES;
				INFOPLIST_KEY_UILaunchScreen_Generation = YES;
				INFOPLIST_KEY_UISupportedInterfaceOrientations_iPad = "UIInterfaceOrientationPortrait UIInterfaceOrientationPortraitUpsideDown UIInterfaceOrientationLandscapeLeft UIInterfaceOrientationLandscapeRight";
				INFOPLIST_KEY_UISupportedInterfaceOrientations_iPhone = "UIInterfaceOrientationPortrait UIInterfaceOrientationLandscapeLeft UIInterfaceOrientationLandscapeRight";
				LD_RUNPATH_SEARCH_PATHS = (
					"$(inherited)",
					"@executable_path/Frameworks",
				);
				MARKETING_VERSION = 1.0;
				PRODUCT_BUNDLE_IDENTIFIER = com.blacenova.SwiftUIAccessory;
				PRODUCT_NAME = "$(TARGET_NAME)";
				SWIFT_EMIT_LOC_STRINGS = YES;
				SWIFT_VERSION = 5.0;
				TARGETED_DEVICE_FAMILY = "1,2";
			};
			name = Debug;
		};
		FD42410A2768BE1E00BCE60A /* Release */ = {
			isa = XCBuildConfiguration;
			buildSettings = {
				ASSETCATALOG_COMPILER_APPICON_NAME = AppIcon;
				ASSETCATALOG_COMPILER_GLOBAL_ACCENT_COLOR_NAME = AccentColor;
				CODE_SIGN_STYLE = Automatic;
				CURRENT_PROJECT_VERSION = 1;
				DEVELOPMENT_ASSET_PATHS = "\"SwiftUIAccessory/Preview Content\"";
				DEVELOPMENT_TEAM = XP6V4T4UU6;
				ENABLE_PREVIEWS = YES;
				GENERATE_INFOPLIST_FILE = YES;
				INFOPLIST_KEY_UIApplicationSceneManifest_Generation = YES;
				INFOPLIST_KEY_UIApplicationSupportsIndirectInputEvents = YES;
				INFOPLIST_KEY_UILaunchScreen_Generation = YES;
				INFOPLIST_KEY_UISupportedInterfaceOrientations_iPad = "UIInterfaceOrientationPortrait UIInterfaceOrientationPortraitUpsideDown UIInterfaceOrientationLandscapeLeft UIInterfaceOrientationLandscapeRight";
				INFOPLIST_KEY_UISupportedInterfaceOrientations_iPhone = "UIInterfaceOrientationPortrait UIInterfaceOrientationLandscapeLeft UIInterfaceOrientationLandscapeRight";
				LD_RUNPATH_SEARCH_PATHS = (
					"$(inherited)",
					"@executable_path/Frameworks",
				);
				MARKETING_VERSION = 1.0;
				PRODUCT_BUNDLE_IDENTIFIER = com.blacenova.SwiftUIAccessory;
				PRODUCT_NAME = "$(TARGET_NAME)";
				SWIFT_EMIT_LOC_STRINGS = YES;
				SWIFT_VERSION = 5.0;
				TARGETED_DEVICE_FAMILY = "1,2";
			};
			name = Release;
		};
/* End XCBuildConfiguration section */

/* Begin XCConfigurationList section */
		FD4240F52768BE1A00BCE60A /* Build configuration list for PBXProject "SwiftUIAccessory" */ = {
			isa = XCConfigurationList;
			buildConfigurations = (
				FD4241062768BE1E00BCE60A /* Debug */,
				FD4241072768BE1E00BCE60A /* Release */,
			);
			defaultConfigurationIsVisible = 0;
			defaultConfigurationName = Release;
		};
		FD4241082768BE1E00BCE60A /* Build configuration list for PBXNativeTarget "SwiftUIAccessory" */ = {
			isa = XCConfigurationList;
			buildConfigurations = (
				FD4241092768BE1E00BCE60A /* Debug */,
				FD42410A2768BE1E00BCE60A /* Release */,
			);
			defaultConfigurationIsVisible = 0;
			defaultConfigurationName = Release;
		};
/* End XCConfigurationList section */
	};
	rootObject = FD4240F22768BE1A00BCE60A /* Project object */;
}
