{
  "pins" : [
    {
      "identity" : "awesometoastpackage",
      "kind" : "remoteSourceControl",
      "location" : "https://github.com/manasdevslopes/AwesomeToastPackage.git",
      "state" : {
        "revision" : "ffc7f233e5351e36256a26ca80e00b5f48d95219",
        "version" : "2.1.4"
      }
    },
    {
      "identity" : "sdwebimage",
      "kind" : "remoteSourceControl",
      "location" : "https://github.com/SDWebImage/SDWebImage.git",
      "state" : {
        "revision" : "3e48cb68d8e668d146dc59c73fb98cb628616236",
        "version" : "5.13.2"
      }
    },
    {
      "identity" : "sdwebimageswiftui",
      "kind" : "remoteSourceControl",
      "location" : "git@github.com:SDWebImage/SDWebImageSwiftUI.git",
      "state" : {
        "revision" : "cd8625b7cf11a97698e180d28bb7d5d357196678",
        "version" : "2.0.2"
      }
    }
  ],
  "version" : 2
}
